{
  "version": 4,
  "terraform_version": "1.0.3",
  "serial": 320,
  "lineage": "5b061e41-1572-f6a8-16dd-442a1040040c",
  "outputs": {},
  "resources": [
    {
      "mode": "managed",
      "type": "kubernetes_deployment",
      "name": "the-rights-machine-deployment",
      "provider": "provider[\"registry.terraform.io/hashicorp/kubernetes\"]",
      "instances": [
        {
          "schema_version": 1,
          "attributes": {
            "id": "default/the-rights-machine",
            "metadata": [
              {
                "annotations": null,
                "generate_name": "",
                "generation": 1,
                "labels": {
                  "App": "the-rights-machine"
                },
                "name": "the-rights-machine",
                "namespace": "default",
                "resource_version": "20775",
                "uid": "c964dc1d-5f3d-4baf-8735-269ed1332f1e"
              }
            ],
            "spec": [
              {
                "min_ready_seconds": 0,
                "paused": false,
                "progress_deadline_seconds": 600,
                "replicas": "3",
                "revision_history_limit": 10,
                "selector": [
                  {
                    "match_expressions": [],
                    "match_labels": {
                      "App": "the-rights-machine"
                    }
                  }
                ],
                "strategy": [
                  {
                    "rolling_update": [
                      {
                        "max_surge": "25%",
                        "max_unavailable": "25%"
                      }
                    ],
                    "type": "RollingUpdate"
                  }
                ],
                "template": [
                  {
                    "metadata": [
                      {
                        "annotations": null,
                        "generate_name": "",
                        "generation": 0,
                        "labels": {
                          "App": "the-rights-machine"
                        },
                        "name": "",
                        "namespace": "",
                        "resource_version": "",
                        "uid": ""
                      }
                    ],
                    "spec": [
                      {
                        "active_deadline_seconds": 0,
                        "affinity": [],
                        "automount_service_account_token": true,
                        "container": [
                          {
                            "args": null,
                            "command": null,
                            "env": [],
                            "env_from": [],
                            "image": "moosedude/the-rights-machine:latest",
                            "image_pull_policy": "Always",
                            "lifecycle": [],
                            "liveness_probe": [],
                            "name": "the-rights-machine",
                            "port": [],
                            "readiness_probe": [],
                            "resources": [
                              {
                                "limits": null,
                                "requests": null
                              }
                            ],
                            "security_context": [],
                            "startup_probe": [],
                            "stdin": false,
                            "stdin_once": false,
                            "termination_message_path": "/dev/termination-log",
                            "termination_message_policy": "File",
                            "tty": false,
                            "volume_mount": [],
                            "working_dir": ""
                          }
                        ],
                        "dns_config": [],
                        "dns_policy": "ClusterFirst",
                        "enable_service_links": true,
                        "host_aliases": [],
                        "host_ipc": false,
                        "host_network": false,
                        "host_pid": false,
                        "hostname": "",
                        "image_pull_secrets": [],
                        "init_container": [],
                        "node_name": "",
                        "node_selector": null,
                        "priority_class_name": "",
                        "readiness_gate": [],
                        "restart_policy": "Always",
                        "security_context": [],
                        "service_account_name": "",
                        "share_process_namespace": false,
                        "subdomain": "",
                        "termination_grace_period_seconds": 30,
                        "toleration": [],
                        "topology_spread_constraint": [],
                        "volume": []
                      }
                    ]
                  }
                ]
              }
            ],
            "timeouts": null,
            "wait_for_rollout": true
          },
          "sensitive_attributes": [],
          "private": "eyJlMmJmYjczMC1lY2FhLTExZTYtOGY4OC0zNDM2M2JjN2M0YzAiOnsiY3JlYXRlIjo2MDAwMDAwMDAwMDAsImRlbGV0ZSI6NjAwMDAwMDAwMDAwLCJ1cGRhdGUiOjYwMDAwMDAwMDAwMH0sInNjaGVtYV92ZXJzaW9uIjoiMSJ9"
        }
      ]
    },
    {
      "mode": "managed",
      "type": "kubernetes_service",
      "name": "the-rights-machine-service",
      "provider": "provider[\"registry.terraform.io/hashicorp/kubernetes\"]",
      "instances": [
        {
          "schema_version": 1,
          "attributes": {
            "id": "default/the-rights-machine",
            "metadata": [
              {
                "annotations": {
                  "cloud.google.com/neg": "{\"ingress\":true}"
                },
                "generate_name": "",
                "generation": 0,
                "labels": {
                  "App": "the-rights-machine"
                },
                "name": "the-rights-machine",
                "namespace": "default",
                "resource_version": "21028",
                "uid": "29dc6f26-37f0-4947-b160-80155fda569e"
              }
            ],
            "spec": [
              {
                "cluster_ip": "10.30.169.171",
                "external_ips": null,
                "external_name": "",
                "external_traffic_policy": "Cluster",
                "health_check_node_port": 0,
                "load_balancer_ip": "",
                "load_balancer_source_ranges": null,
                "port": [
                  {
                    "name": "",
                    "node_port": 31301,
                    "port": 5454,
                    "protocol": "TCP",
                    "target_port": "5454"
                  }
                ],
                "publish_not_ready_addresses": false,
                "selector": {
                  "App": "the-rights-machine"
                },
                "session_affinity": "None",
                "type": "LoadBalancer"
              }
            ],
            "status": [
              {
                "load_balancer": [
                  {
                    "ingress": [
                      {
                        "hostname": "",
                        "ip": "34.89.125.93"
                      }
                    ]
                  }
                ]
              }
            ],
            "timeouts": null,
            "wait_for_load_balancer": true
          },
          "sensitive_attributes": [],
          "private": "eyJlMmJmYjczMC1lY2FhLTExZTYtOGY4OC0zNDM2M2JjN2M0YzAiOnsiY3JlYXRlIjo2MDAwMDAwMDAwMDB9LCJzY2hlbWFfdmVyc2lvbiI6IjEifQ=="
        }
      ]
    },
    {
      "module": "module.gcp-network.module.subnets",
      "mode": "managed",
      "type": "google_compute_subnetwork",
      "name": "subnetwork",
      "provider": "provider[\"registry.terraform.io/hashicorp/google\"]",
      "instances": [
        {
          "index_key": "europe-west2/gke-subnet-dev",
          "schema_version": 0,
          "attributes": {
            "creation_timestamp": "2021-08-06T08:33:39.164-07:00",
            "description": "",
            "fingerprint": null,
            "gateway_address": "10.10.0.1",
            "id": "projects/annular-net-321608/regions/europe-west2/subnetworks/gke-subnet-dev",
            "ip_cidr_range": "10.10.0.0/16",
            "log_config": [],
            "name": "gke-subnet-dev",
            "network": "https://www.googleapis.com/compute/v1/projects/annular-net-321608/global/networks/gke-network-dev",
            "private_ip_google_access": false,
            "private_ipv6_google_access": "DISABLE_GOOGLE_ACCESS",
            "project": "annular-net-321608",
            "region": "europe-west2",
            "secondary_ip_range": [
              {
                "ip_cidr_range": "10.20.0.0/16",
                "range_name": "ip-range-pods"
              },
              {
                "ip_cidr_range": "10.30.0.0/16",
                "range_name": "ip-range-services"
              }
            ],
            "self_link": "https://www.googleapis.com/compute/v1/projects/annular-net-321608/regions/europe-west2/subnetworks/gke-subnet-dev",
            "timeouts": null
          },
          "sensitive_attributes": [],
          "private": "eyJlMmJmYjczMC1lY2FhLTExZTYtOGY4OC0zNDM2M2JjN2M0YzAiOnsiY3JlYXRlIjozNjAwMDAwMDAwMDAsImRlbGV0ZSI6MzYwMDAwMDAwMDAwLCJ1cGRhdGUiOjM2MDAwMDAwMDAwMH19",
          "dependencies": [
            "module.gcp-network.module.vpc.google_compute_network.network"
          ]
        }
      ]
    },
    {
      "module": "module.gcp-network.module.vpc",
      "mode": "managed",
      "type": "google_compute_network",
      "name": "network",
      "provider": "provider[\"registry.terraform.io/hashicorp/google\"]",
      "instances": [
        {
          "schema_version": 0,
          "attributes": {
            "auto_create_subnetworks": false,
            "delete_default_routes_on_create": false,
            "description": "",
            "gateway_ipv4": "",
            "id": "projects/annular-net-321608/global/networks/gke-network-dev",
            "mtu": 0,
            "name": "gke-network-dev",
            "project": "annular-net-321608",
            "routing_mode": "GLOBAL",
            "self_link": "https://www.googleapis.com/compute/v1/projects/annular-net-321608/global/networks/gke-network-dev",
            "timeouts": null
          },
          "sensitive_attributes": [],
          "private": "eyJlMmJmYjczMC1lY2FhLTExZTYtOGY4OC0zNDM2M2JjN2M0YzAiOnsiY3JlYXRlIjoyNDAwMDAwMDAwMDAsImRlbGV0ZSI6MjQwMDAwMDAwMDAwLCJ1cGRhdGUiOjI0MDAwMDAwMDAwMH19"
        }
      ]
    },
    {
      "module": "module.gke",
      "mode": "data",
      "type": "google_compute_zones",
      "name": "available",
      "provider": "provider[\"registry.terraform.io/hashicorp/google\"]",
      "instances": [
        {
          "schema_version": 0,
          "attributes": {
            "id": "projects/annular-net-321608/regions/europe-west2",
            "names": [
              "europe-west2-a",
              "europe-west2-b",
              "europe-west2-c"
            ],
            "project": "annular-net-321608",
            "region": "europe-west2",
            "status": null
          },
          "sensitive_attributes": []
        }
      ]
    },
    {
      "module": "module.gke",
      "mode": "data",
      "type": "google_container_engine_versions",
      "name": "region",
      "provider": "provider[\"registry.terraform.io/hashicorp/google\"]",
      "instances": [
        {
          "schema_version": 0,
          "attributes": {
            "default_cluster_version": "1.20.8-gke.900",
            "id": "2021-08-06 16:27:56.735078258 +0000 UTC",
            "latest_master_version": "1.20.9-gke.700",
            "latest_node_version": "1.20.9-gke.700",
            "location": "europe-west2",
            "project": "annular-net-321608",
            "release_channel_default_version": {
              "RAPID": "1.20.8-gke.900",
              "REGULAR": "1.20.8-gke.900",
              "STABLE": "1.18.20-gke.900"
            },
            "valid_master_versions": [
              "1.20.9-gke.700",
              "1.20.8-gke.2100",
              "1.20.8-gke.900",
              "1.20.8-gke.700",
              "1.19.13-gke.700",
              "1.19.12-gke.2100",
              "1.19.12-gke.1100",
              "1.19.12-gke.900",
              "1.19.12-gke.700",
              "1.19.11-gke.2101",
              "1.19.11-gke.1701",
              "1.19.10-gke.1701",
              "1.19.10-gke.1601",
              "1.19.10-gke.1001",
              "1.19.10-gke.1000",
              "1.19.9-gke.1900",
              "1.18.20-gke.3000",
              "1.18.20-gke.2300",
              "1.18.20-gke.900",
              "1.18.20-gke.501",
              "1.17.17-gke.9100",
              "1.17.17-gke.8200",
              "1.17.17-gke.7800",
              "1.17.17-gke.7200",
              "1.17.17-gke.6700",
              "1.17.17-gke.6000",
              "1.17.17-gke.5400",
              "1.17.17-gke.4900",
              "1.17.17-gke.4400",
              "1.17.17-gke.3700"
            ],
            "valid_node_versions": [
              "1.20.9-gke.700",
              "1.20.8-gke.2100",
              "1.20.8-gke.900",
              "1.20.8-gke.700",
              "1.20.7-gke.2200",
              "1.20.7-gke.1800",
              "1.20.6-gke.1400",
              "1.20.6-gke.1000",
              "1.19.13-gke.700",
              "1.19.12-gke.2100",
              "1.19.12-gke.1100",
              "1.19.12-gke.900",
              "1.19.12-gke.700",
              "1.19.11-gke.2101",
              "1.19.11-gke.2100",
              "1.19.11-gke.1701",
              "1.19.11-gke.1700",
              "1.19.10-gke.1701",
              "1.19.10-gke.1700",
              "1.19.10-gke.1601",
              "1.19.10-gke.1600",
              "1.19.10-gke.1001",
              "1.19.10-gke.1000",
              "1.19.9-gke.1900",
              "1.19.9-gke.1400",
              "1.19.9-gke.700",
              "1.19.9-gke.100",
              "1.19.8-gke.2000",
              "1.19.8-gke.1600",
              "1.19.8-gke.1000",
              "1.19.7-gke.2503",
              "1.19.7-gke.1500",
              "1.19.7-gke.1302",
              "1.19.7-gke.800",
              "1.19.6-gke.1700",
              "1.19.6-gke.1100",
              "1.19.6-gke.600",
              "1.18.20-gke.3000",
              "1.18.20-gke.2300",
              "1.18.20-gke.900",
              "1.18.20-gke.501",
              "1.18.19-gke.2101",
              "1.18.19-gke.2100",
              "1.18.19-gke.1701",
              "1.18.19-gke.1700",
              "1.18.18-gke.1701",
              "1.18.18-gke.1700",
              "1.18.18-gke.1101",
              "1.18.18-gke.1100",
              "1.18.17-gke.1901",
              "1.18.17-gke.1900",
              "1.18.17-gke.1201",
              "1.18.17-gke.1200",
              "1.18.17-gke.700",
              "1.18.17-gke.100",
              "1.18.16-gke.2100",
              "1.18.16-gke.1201",
              "1.18.16-gke.1200",
              "1.18.16-gke.502",
              "1.18.16-gke.500",
              "1.18.16-gke.302",
              "1.18.16-gke.300",
              "1.18.15-gke.2500",
              "1.18.15-gke.1502",
              "1.18.15-gke.1501",
              "1.18.15-gke.1500",
              "1.18.15-gke.1102",
              "1.18.15-gke.1100",
              "1.18.15-gke.800",
              "1.18.14-gke.1600",
              "1.18.14-gke.1200",
              "1.18.12-gke.1210",
              "1.18.12-gke.1206",
              "1.18.12-gke.1205",
              "1.18.12-gke.1201",
              "1.18.12-gke.1200",
              "1.18.12-gke.300",
              "1.18.10-gke.2701",
              "1.18.10-gke.2101",
              "1.18.10-gke.1500",
              "1.18.10-gke.601",
              "1.18.9-gke.2501",
              "1.18.9-gke.1501",
              "1.18.9-gke.801",
              "1.18.6-gke.4801",
              "1.18.6-gke.3504",
              "1.18.6-gke.3503",
              "1.17.17-gke.9100",
              "1.17.17-gke.8500",
              "1.17.17-gke.8200",
              "1.17.17-gke.7800",
              "1.17.17-gke.7200",
              "1.17.17-gke.6700",
              "1.17.17-gke.6000",
              "1.17.17-gke.5400",
              "1.17.17-gke.4900",
              "1.17.17-gke.4400",
              "1.17.17-gke.3700",
              "1.17.17-gke.3000",
              "1.17.17-gke.2800",
              "1.17.17-gke.2500",
              "1.17.17-gke.1500",
              "1.17.17-gke.1101",
              "1.17.17-gke.1100",
              "1.17.17-gke.600",
              "1.17.16-gke.1600",
              "1.17.16-gke.1300",
              "1.17.15-gke.800",
              "1.17.15-gke.300",
              "1.17.14-gke.1600",
              "1.17.14-gke.1200",
              "1.17.14-gke.400",
              "1.17.13-gke.2600",
              "1.17.13-gke.2001",
              "1.17.13-gke.1401",
              "1.17.13-gke.1400",
              "1.17.13-gke.600",
              "1.17.12-gke.2502",
              "1.17.12-gke.1504",
              "1.17.12-gke.1501",
              "1.17.12-gke.500",
              "1.17.9-gke.6300",
              "1.17.9-gke.1504",
              "1.16.15-gke.14800",
              "1.16.15-gke.12500",
              "1.16.15-gke.11800",
              "1.16.15-gke.10600",
              "1.16.15-gke.7801",
              "1.16.15-gke.7800",
              "1.16.15-gke.7300",
              "1.16.15-gke.6900",
              "1.16.15-gke.6000",
              "1.16.15-gke.5500",
              "1.16.15-gke.4901",
              "1.16.15-gke.4301",
              "1.16.15-gke.4300",
              "1.16.15-gke.3500",
              "1.16.15-gke.2601",
              "1.16.15-gke.1600",
              "1.16.15-gke.500",
              "1.16.13-gke.404",
              "1.16.13-gke.403",
              "1.16.13-gke.401",
              "1.16.13-gke.400",
              "1.16.13-gke.1",
              "1.16.11-gke.5",
              "1.16.10-gke.8",
              "1.16.9-gke.6",
              "1.16.9-gke.2",
              "1.16.8-gke.15",
              "1.16.8-gke.12",
              "1.16.8-gke.9",
              "1.15.12-gke.6002",
              "1.15.12-gke.6001",
              "1.15.12-gke.5000",
              "1.15.12-gke.4002",
              "1.15.12-gke.4000",
              "1.15.12-gke.20",
              "1.15.12-gke.17",
              "1.15.12-gke.16",
              "1.15.12-gke.13",
              "1.15.12-gke.9",
              "1.15.12-gke.6",
              "1.15.12-gke.3",
              "1.15.12-gke.2",
              "1.15.11-gke.17",
              "1.15.11-gke.15",
              "1.15.11-gke.13",
              "1.15.11-gke.12",
              "1.15.11-gke.11",
              "1.15.11-gke.9",
              "1.15.11-gke.5",
              "1.15.11-gke.3",
              "1.15.11-gke.1",
              "1.15.9-gke.26",
              "1.15.9-gke.24",
              "1.15.9-gke.22",
              "1.15.9-gke.12",
              "1.15.9-gke.9",
              "1.15.9-gke.8",
              "1.15.8-gke.3",
              "1.15.8-gke.2",
              "1.15.7-gke.23",
              "1.15.7-gke.2",
              "1.15.4-gke.22",
              "1.14.10-gke.1504",
              "1.14.10-gke.902",
              "1.14.10-gke.50",
              "1.14.10-gke.46",
              "1.14.10-gke.45",
              "1.14.10-gke.42",
              "1.14.10-gke.41",
              "1.14.10-gke.40",
              "1.14.10-gke.37",
              "1.14.10-gke.36",
              "1.14.10-gke.34",
              "1.14.10-gke.32",
              "1.14.10-gke.31",
              "1.14.10-gke.27",
              "1.14.10-gke.24",
              "1.14.10-gke.22",
              "1.14.10-gke.21",
              "1.14.10-gke.17",
              "1.14.10-gke.0",
              "1.14.9-gke.23",
              "1.14.9-gke.2",
              "1.14.9-gke.0",
              "1.14.8-gke.33",
              "1.14.8-gke.21",
              "1.14.8-gke.18",
              "1.14.8-gke.17",
              "1.14.8-gke.14",
              "1.14.8-gke.12",
              "1.14.8-gke.7",
              "1.14.8-gke.2",
              "1.14.7-gke.40",
              "1.14.7-gke.25",
              "1.14.7-gke.23",
              "1.14.7-gke.17",
              "1.14.7-gke.14",
              "1.14.7-gke.10",
              "1.14.6-gke.13",
              "1.14.6-gke.2",
              "1.14.6-gke.1",
              "1.14.3-gke.11",
              "1.14.3-gke.10",
              "1.14.3-gke.9",
              "1.14.2-gke.9",
              "1.14.1-gke.5",
              "1.13.12-gke.30",
              "1.13.12-gke.25",
              "1.13.12-gke.17",
              "1.13.12-gke.16",
              "1.13.12-gke.14",
              "1.13.12-gke.13",
              "1.13.12-gke.10",
              "1.13.12-gke.8",
              "1.13.12-gke.4",
              "1.13.12-gke.2",
              "1.13.11-gke.23",
              "1.13.11-gke.15",
              "1.13.11-gke.14",
              "1.13.11-gke.12",
              "1.13.11-gke.11",
              "1.13.11-gke.9",
              "1.13.11-gke.5",
              "1.13.10-gke.7",
              "1.13.10-gke.0",
              "1.13.9-gke.11",
              "1.13.9-gke.3",
              "1.13.7-gke.24",
              "1.13.7-gke.19",
              "1.13.7-gke.15",
              "1.13.7-gke.8",
              "1.13.7-gke.0",
              "1.13.6-gke.13",
              "1.13.6-gke.6",
              "1.13.6-gke.5",
              "1.13.6-gke.0",
              "1.13.5-gke.10",
              "1.12.10-gke.22",
              "1.12.10-gke.20",
              "1.12.10-gke.19",
              "1.12.10-gke.18",
              "1.12.10-gke.17",
              "1.12.10-gke.15",
              "1.12.10-gke.13",
              "1.12.10-gke.11",
              "1.12.10-gke.5",
              "1.12.9-gke.16",
              "1.12.9-gke.15",
              "1.12.9-gke.13",
              "1.12.9-gke.10",
              "1.12.9-gke.7",
              "1.12.9-gke.3",
              "1.12.8-gke.12",
              "1.12.8-gke.10",
              "1.12.8-gke.7",
              "1.12.8-gke.6",
              "1.12.7-gke.26",
              "1.12.7-gke.25",
              "1.12.7-gke.24",
              "1.12.7-gke.22",
              "1.12.7-gke.21",
              "1.12.7-gke.17",
              "1.12.7-gke.10",
              "1.12.7-gke.7",
              "1.12.6-gke.11",
              "1.12.6-gke.10",
              "1.12.6-gke.7",
              "1.12.5-gke.10",
              "1.12.5-gke.5",
              "1.11.10-gke.6",
              "1.11.10-gke.5"
            ],
            "version_prefix": null
          },
          "sensitive_attributes": []
        }
      ]
    },
    {
      "module": "module.gke",
      "mode": "data",
      "type": "google_container_engine_versions",
      "name": "zone",
      "provider": "provider[\"registry.terraform.io/hashicorp/google\"]",
      "instances": [
        {
          "schema_version": 0,
          "attributes": {
            "default_cluster_version": "1.20.8-gke.900",
            "id": "2021-08-06 16:27:57.389620799 +0000 UTC",
            "latest_master_version": "1.20.8-gke.2100",
            "latest_node_version": "1.20.8-gke.2100",
            "location": "europe-west2-a",
            "project": "annular-net-321608",
            "release_channel_default_version": {
              "RAPID": "1.20.8-gke.700",
              "REGULAR": "1.20.8-gke.900",
              "STABLE": "1.18.20-gke.501"
            },
            "valid_master_versions": [
              "1.20.8-gke.2100",
              "1.20.8-gke.900",
              "1.20.8-gke.700",
              "1.19.12-gke.2100",
              "1.19.12-gke.1100",
              "1.19.12-gke.900",
              "1.19.12-gke.700",
              "1.19.11-gke.2101",
              "1.19.11-gke.1701",
              "1.19.10-gke.1701",
              "1.19.10-gke.1601",
              "1.19.10-gke.1001",
              "1.19.10-gke.1000",
              "1.19.9-gke.1900",
              "1.18.20-gke.2300",
              "1.18.20-gke.900",
              "1.18.20-gke.501",
              "1.18.19-gke.2101",
              "1.18.19-gke.1701",
              "1.18.17-gke.1901",
              "1.17.17-gke.9100",
              "1.17.17-gke.8200",
              "1.17.17-gke.7800",
              "1.17.17-gke.7200",
              "1.17.17-gke.6700",
              "1.17.17-gke.6000",
              "1.17.17-gke.5400",
              "1.17.17-gke.4900",
              "1.17.17-gke.4400",
              "1.17.17-gke.3700"
            ],
            "valid_node_versions": [
              "1.20.8-gke.2100",
              "1.20.8-gke.900",
              "1.20.8-gke.700",
              "1.20.7-gke.2200",
              "1.20.7-gke.1800",
              "1.20.6-gke.1400",
              "1.20.6-gke.1000",
              "1.19.12-gke.2100",
              "1.19.12-gke.1100",
              "1.19.12-gke.900",
              "1.19.12-gke.700",
              "1.19.11-gke.2101",
              "1.19.11-gke.2100",
              "1.19.11-gke.1701",
              "1.19.11-gke.1700",
              "1.19.10-gke.1701",
              "1.19.10-gke.1700",
              "1.19.10-gke.1601",
              "1.19.10-gke.1600",
              "1.19.10-gke.1001",
              "1.19.10-gke.1000",
              "1.19.9-gke.1900",
              "1.19.9-gke.1400",
              "1.19.9-gke.700",
              "1.19.9-gke.100",
              "1.19.8-gke.2000",
              "1.19.8-gke.1600",
              "1.19.8-gke.1000",
              "1.19.7-gke.2503",
              "1.19.7-gke.1500",
              "1.19.7-gke.1302",
              "1.19.7-gke.800",
              "1.19.6-gke.1700",
              "1.19.6-gke.1100",
              "1.19.6-gke.600",
              "1.18.20-gke.2300",
              "1.18.20-gke.900",
              "1.18.20-gke.501",
              "1.18.19-gke.2101",
              "1.18.19-gke.2100",
              "1.18.19-gke.1701",
              "1.18.19-gke.1700",
              "1.18.18-gke.1701",
              "1.18.18-gke.1700",
              "1.18.18-gke.1101",
              "1.18.18-gke.1100",
              "1.18.17-gke.1901",
              "1.18.17-gke.1900",
              "1.18.17-gke.1201",
              "1.18.17-gke.1200",
              "1.18.17-gke.700",
              "1.18.17-gke.100",
              "1.18.16-gke.2100",
              "1.18.16-gke.1201",
              "1.18.16-gke.1200",
              "1.18.16-gke.502",
              "1.18.16-gke.500",
              "1.18.16-gke.302",
              "1.18.16-gke.300",
              "1.18.15-gke.2500",
              "1.18.15-gke.1502",
              "1.18.15-gke.1501",
              "1.18.15-gke.1500",
              "1.18.15-gke.1102",
              "1.18.15-gke.1100",
              "1.18.15-gke.800",
              "1.18.14-gke.1600",
              "1.18.14-gke.1200",
              "1.18.12-gke.1210",
              "1.18.12-gke.1206",
              "1.18.12-gke.1205",
              "1.18.12-gke.1201",
              "1.18.12-gke.1200",
              "1.18.12-gke.300",
              "1.18.10-gke.2701",
              "1.18.10-gke.2101",
              "1.18.10-gke.1500",
              "1.18.10-gke.601",
              "1.18.9-gke.2501",
              "1.18.9-gke.1501",
              "1.18.9-gke.801",
              "1.18.6-gke.4801",
              "1.18.6-gke.3504",
              "1.18.6-gke.3503",
              "1.17.17-gke.9100",
              "1.17.17-gke.8500",
              "1.17.17-gke.8200",
              "1.17.17-gke.7800",
              "1.17.17-gke.7200",
              "1.17.17-gke.6700",
              "1.17.17-gke.6000",
              "1.17.17-gke.5400",
              "1.17.17-gke.4900",
              "1.17.17-gke.4400",
              "1.17.17-gke.3700",
              "1.17.17-gke.3000",
              "1.17.17-gke.2800",
              "1.17.17-gke.2500",
              "1.17.17-gke.1500",
              "1.17.17-gke.1101",
              "1.17.17-gke.1100",
              "1.17.17-gke.600",
              "1.17.16-gke.1600",
              "1.17.16-gke.1300",
              "1.17.15-gke.800",
              "1.17.15-gke.300",
              "1.17.14-gke.1600",
              "1.17.14-gke.1200",
              "1.17.14-gke.400",
              "1.17.13-gke.2600",
              "1.17.13-gke.2001",
              "1.17.13-gke.1401",
              "1.17.13-gke.1400",
              "1.17.13-gke.600",
              "1.17.12-gke.2502",
              "1.17.12-gke.1504",
              "1.17.12-gke.1501",
              "1.17.12-gke.500",
              "1.17.9-gke.6300",
              "1.17.9-gke.1504",
              "1.16.15-gke.14800",
              "1.16.15-gke.12500",
              "1.16.15-gke.11800",
              "1.16.15-gke.10600",
              "1.16.15-gke.7801",
              "1.16.15-gke.7800",
              "1.16.15-gke.7300",
              "1.16.15-gke.6900",
              "1.16.15-gke.6000",
              "1.16.15-gke.5500",
              "1.16.15-gke.4901",
              "1.16.15-gke.4301",
              "1.16.15-gke.4300",
              "1.16.15-gke.3500",
              "1.16.15-gke.2601",
              "1.16.15-gke.1600",
              "1.16.15-gke.500",
              "1.16.13-gke.404",
              "1.16.13-gke.403",
              "1.16.13-gke.401",
              "1.16.13-gke.400",
              "1.16.13-gke.1",
              "1.16.11-gke.5",
              "1.16.10-gke.8",
              "1.16.9-gke.6",
              "1.16.9-gke.2",
              "1.16.8-gke.15",
              "1.16.8-gke.12",
              "1.16.8-gke.9",
              "1.15.12-gke.6002",
              "1.15.12-gke.6001",
              "1.15.12-gke.5000",
              "1.15.12-gke.4002",
              "1.15.12-gke.4000",
              "1.15.12-gke.20",
              "1.15.12-gke.17",
              "1.15.12-gke.16",
              "1.15.12-gke.13",
              "1.15.12-gke.9",
              "1.15.12-gke.6",
              "1.15.12-gke.3",
              "1.15.12-gke.2",
              "1.15.11-gke.17",
              "1.15.11-gke.15",
              "1.15.11-gke.13",
              "1.15.11-gke.12",
              "1.15.11-gke.11",
              "1.15.11-gke.9",
              "1.15.11-gke.5",
              "1.15.11-gke.3",
              "1.15.11-gke.1",
              "1.15.9-gke.26",
              "1.15.9-gke.24",
              "1.15.9-gke.22",
              "1.15.9-gke.12",
              "1.15.9-gke.9",
              "1.15.9-gke.8",
              "1.15.8-gke.3",
              "1.15.8-gke.2",
              "1.15.7-gke.23",
              "1.15.7-gke.2",
              "1.15.4-gke.22",
              "1.14.10-gke.1504",
              "1.14.10-gke.902",
              "1.14.10-gke.50",
              "1.14.10-gke.46",
              "1.14.10-gke.45",
              "1.14.10-gke.42",
              "1.14.10-gke.41",
              "1.14.10-gke.40",
              "1.14.10-gke.37",
              "1.14.10-gke.36",
              "1.14.10-gke.34",
              "1.14.10-gke.32",
              "1.14.10-gke.31",
              "1.14.10-gke.27",
              "1.14.10-gke.24",
              "1.14.10-gke.22",
              "1.14.10-gke.21",
              "1.14.10-gke.17",
              "1.14.10-gke.0",
              "1.14.9-gke.23",
              "1.14.9-gke.2",
              "1.14.9-gke.0",
              "1.14.8-gke.33",
              "1.14.8-gke.21",
              "1.14.8-gke.18",
              "1.14.8-gke.17",
              "1.14.8-gke.14",
              "1.14.8-gke.12",
              "1.14.8-gke.7",
              "1.14.8-gke.2",
              "1.14.7-gke.40",
              "1.14.7-gke.25",
              "1.14.7-gke.23",
              "1.14.7-gke.17",
              "1.14.7-gke.14",
              "1.14.7-gke.10",
              "1.14.6-gke.13",
              "1.14.6-gke.2",
              "1.14.6-gke.1",
              "1.14.3-gke.11",
              "1.14.3-gke.10",
              "1.14.3-gke.9",
              "1.14.2-gke.9",
              "1.14.1-gke.5",
              "1.13.12-gke.30",
              "1.13.12-gke.25",
              "1.13.12-gke.17",
              "1.13.12-gke.16",
              "1.13.12-gke.14",
              "1.13.12-gke.13",
              "1.13.12-gke.10",
              "1.13.12-gke.8",
              "1.13.12-gke.4",
              "1.13.12-gke.2",
              "1.13.11-gke.23",
              "1.13.11-gke.15",
              "1.13.11-gke.14",
              "1.13.11-gke.12",
              "1.13.11-gke.11",
              "1.13.11-gke.9",
              "1.13.11-gke.5",
              "1.13.10-gke.7",
              "1.13.10-gke.0",
              "1.13.9-gke.11",
              "1.13.9-gke.3",
              "1.13.7-gke.24",
              "1.13.7-gke.19",
              "1.13.7-gke.15",
              "1.13.7-gke.8",
              "1.13.7-gke.0",
              "1.13.6-gke.13",
              "1.13.6-gke.6",
              "1.13.6-gke.5",
              "1.13.6-gke.0",
              "1.13.5-gke.10",
              "1.12.10-gke.22",
              "1.12.10-gke.20",
              "1.12.10-gke.19",
              "1.12.10-gke.18",
              "1.12.10-gke.17",
              "1.12.10-gke.15",
              "1.12.10-gke.13",
              "1.12.10-gke.11",
              "1.12.10-gke.5",
              "1.12.9-gke.16",
              "1.12.9-gke.15",
              "1.12.9-gke.13",
              "1.12.9-gke.10",
              "1.12.9-gke.7",
              "1.12.9-gke.3",
              "1.12.8-gke.12",
              "1.12.8-gke.10",
              "1.12.8-gke.7",
              "1.12.8-gke.6",
              "1.12.7-gke.26",
              "1.12.7-gke.25",
              "1.12.7-gke.24",
              "1.12.7-gke.22",
              "1.12.7-gke.21",
              "1.12.7-gke.17",
              "1.12.7-gke.10",
              "1.12.7-gke.7",
              "1.12.6-gke.11",
              "1.12.6-gke.10",
              "1.12.6-gke.7",
              "1.12.5-gke.10",
              "1.12.5-gke.5",
              "1.11.10-gke.6",
              "1.11.10-gke.5"
            ],
            "version_prefix": null
          },
          "sensitive_attributes": []
        }
      ]
    },
    {
      "module": "module.gke",
      "mode": "managed",
      "type": "google_container_cluster",
      "name": "primary",
      "provider": "provider[\"registry.terraform.io/hashicorp/google\"]",
      "instances": [
        {
          "schema_version": 1,
          "attributes": {
            "addons_config": [
              {
                "cloudrun_config": [],
                "horizontal_pod_autoscaling": [
                  {
                    "disabled": false
                  }
                ],
                "http_load_balancing": [
                  {
                    "disabled": false
                  }
                ],
                "network_policy_config": [
                  {
                    "disabled": true
                  }
                ]
              }
            ],
            "authenticator_groups_config": [],
            "cluster_autoscaling": [
              {
                "auto_provisioning_defaults": [],
                "enabled": false,
                "resource_limits": []
              }
            ],
            "cluster_ipv4_cidr": "10.20.0.0/16",
            "database_encryption": [
              {
                "key_name": "",
                "state": "DECRYPTED"
              }
            ],
            "datapath_provider": "",
            "default_max_pods_per_node": 110,
            "default_snat_status": [
              {
                "disabled": false
              }
            ],
            "description": "",
            "enable_autopilot": false,
            "enable_binary_authorization": false,
            "enable_intranode_visibility": false,
            "enable_kubernetes_alpha": false,
            "enable_legacy_abac": false,
            "enable_shielded_nodes": true,
            "enable_tpu": false,
            "endpoint": "35.246.98.133",
            "id": "projects/annular-net-321608/locations/europe-west2/clusters/the-rights-machine-k8s-cluster-dev",
            "initial_node_count": 0,
            "instance_group_urls": [
              "https://www.googleapis.com/compute/v1/projects/annular-net-321608/zones/europe-west2-a/instanceGroups/gke-the-rights-machine-k-default-pool-8f4e4c77-grp",
              "https://www.googleapis.com/compute/v1/projects/annular-net-321608/zones/europe-west2-b/instanceGroups/gke-the-rights-machine-k-default-pool-eac7b0af-grp",
              "https://www.googleapis.com/compute/v1/projects/annular-net-321608/zones/europe-west2-c/instanceGroups/gke-the-rights-machine-k-default-pool-626619d1-grp",
              "https://www.googleapis.com/compute/v1/projects/annular-net-321608/zones/europe-west2-b/instanceGroups/gke-the-rights-machine-k8s--node-pool-6d7d81db-grp",
              "https://www.googleapis.com/compute/v1/projects/annular-net-321608/zones/europe-west2-c/instanceGroups/gke-the-rights-machine-k8s--node-pool-614747a8-grp"
            ],
            "ip_allocation_policy": [
              {
                "cluster_ipv4_cidr_block": "10.20.0.0/16",
                "cluster_secondary_range_name": "ip-range-pods",
                "services_ipv4_cidr_block": "10.30.0.0/16",
                "services_secondary_range_name": "ip-range-services"
              }
            ],
            "label_fingerprint": "a9dc16a7",
            "location": "europe-west2",
            "logging_service": "logging.googleapis.com/kubernetes",
            "maintenance_policy": [
              {
                "daily_maintenance_window": [
                  {
                    "duration": "PT4H0M0S",
                    "start_time": "05:00"
                  }
                ],
                "maintenance_exclusion": [],
                "recurring_window": []
              }
            ],
            "master_auth": [
              {
                "client_certificate": "",
                "client_certificate_config": [
                  {
                    "issue_client_certificate": false
                  }
                ],
                "client_key": "",
                "cluster_ca_certificate": "LS0tLS1CRUdJTiBDRVJUSUZJQ0FURS0tLS0tCk1JSURLekNDQWhPZ0F3SUJBZ0lSQU9hYTZYYlZjOFg5UGNmR3FBNnZIdVF3RFFZSktvWklodmNOQVFFTEJRQXcKTHpFdE1Dc0dBMVVFQXhNa1lqRTNObVV3TTJRdE1UWmxZeTAwTURBd0xUaG1aakl0WkdZMU4yRTVOamt5TnpFMApNQjRYRFRJeE1EZ3dOakUwTXpReE1Wb1hEVEkyTURnd05URTFNelF4TVZvd0x6RXRNQ3NHQTFVRUF4TWtZakUzCk5tVXdNMlF0TVRabFl5MDBNREF3TFRobVpqSXRaR1kxTjJFNU5qa3lOekUwTUlJQklqQU5CZ2txaGtpRzl3MEIKQVFFRkFBT0NBUThBTUlJQkNnS0NBUUVBcWhRUnVYY2I5TWFScUlqdnJDcnRMUHAvTGRvMFNLSTFVakNKL1p5KwpmbFRSaVd1NGZmK2FZdWxqUVQreHRaL05FcHV4S1JsdWdRL3hCM2U5d2VjVzBSQUtYV1d1enhLUWlNSTZkYktHClVZMDVBd3g1YWJEbHU3bTBpNEl1QTM4dTVndEdWQTZIeHd1YThET3ljbG5yQXlTMkVLU3Z6T0NreUpNVXYrcG0KRTR0QkROL200NGxDalUvNC8wQTltbHRTa3ZXLzVlZmRuaFV1Y1BzNVc0MUJQdUtkbTF1N1l6d2VkVmM3STROTQp5OUp2UFlSc3lBWXZkRWtjN2xpTDZ5L2pwTWZIb3pIN28xb1Q0U2lycXNZS1hvM0pyenA0Zk9Qci90MWRPTzZ3CjJJVnhRajlMT3FyYmVBU0pFZldHaWx4R0RRaU1PU3MxMzRuYS9UaThvRGNEVVFJREFRQUJvMEl3UURBT0JnTlYKSFE4QkFmOEVCQU1DQWdRd0R3WURWUjBUQVFIL0JBVXdBd0VCL3pBZEJnTlZIUTRFRmdRVU8zU3piWDQ4QmZIMQo4V3l4blh2Q2VwVmxwZVl3RFFZSktvWklodmNOQVFFTEJRQURnZ0VCQUJpS21WN3FtdUx4aXkrV0lSb01PR0xtCnFFTVAwc0tyZDdtbU5PVnVLc0dOdVRwTHk5d0t0ZW5sbGk4VjdqTkdFeHovVkRjNTRXZWFnNXZueFpBNVY4SzUKSG9BRTZoKzc4cEkzZkVoOVhlamx4b2JaSGFuN3BiRHhzTHUzQTR5cUJxYXprUFV5VjZaVFRFTWtwK0lES1E2dwp3ckhCT09icjY0UENQUm9qd0FLdDc0WFNraVk5Zm1BWFE2YVVUMGpiTmZTNzdsZjJJSWY5U3AyQi8zdCtwL3p2CmY1RnB4dUJQbjN3WWhFSzVtbjI3UmNMOWhQMWNIRjhrNktwTlFRRlFPYlJRYmtOTGh4a2pzM1JyaDBYTmhUUTEKT1htQUFUR2lGNTNrbDZ5UlNlL1VxL3Y4WFE4SUpvRVlvSWlySTQ5ZlRYSHZ3K1I1ankwWkNMTndHajdFWGVnPQotLS0tLUVORCBDRVJUSUZJQ0FURS0tLS0tCg==",
                "password": "",
                "username": ""
              }
            ],
            "master_authorized_networks_config": [],
            "master_version": "1.20.9-gke.700",
            "min_master_version": "1.20.9-gke.700",
            "monitoring_service": "monitoring.googleapis.com/kubernetes",
            "name": "the-rights-machine-k8s-cluster-dev",
            "network": "projects/annular-net-321608/global/networks/gke-network-dev",
            "network_policy": [
              {
                "enabled": false,
                "provider": "PROVIDER_UNSPECIFIED"
              }
            ],
            "networking_mode": "VPC_NATIVE",
            "node_config": [
              {
                "disk_size_gb": 100,
                "disk_type": "pd-standard",
                "guest_accelerator": [],
                "image_type": "COS_CONTAINERD",
                "labels": {},
                "local_ssd_count": 0,
                "machine_type": "e2-medium",
                "metadata": {
                  "disable-legacy-endpoints": "true"
                },
                "min_cpu_platform": "",
                "oauth_scopes": [
                  "https://www.googleapis.com/auth/logging.write",
                  "https://www.googleapis.com/auth/monitoring"
                ],
                "preemptible": false,
                "service_account": "tf-gke-the-rights-mach-b83k@annular-net-321608.iam.gserviceaccount.com",
                "shielded_instance_config": [
                  {
                    "enable_integrity_monitoring": true,
                    "enable_secure_boot": false
                  }
                ],
                "tags": [],
                "taint": [],
                "workload_metadata_config": [
                  {
                    "node_metadata": "GKE_METADATA_SERVER"
                  }
                ]
              }
            ],
            "node_locations": [
              "europe-west2-a",
              "europe-west2-b",
              "europe-west2-c"
            ],
            "node_pool": [
              {
                "autoscaling": [],
                "initial_node_count": 0,
                "instance_group_urls": [
                  "https://www.googleapis.com/compute/v1/projects/annular-net-321608/zones/europe-west2-a/instanceGroupManagers/gke-the-rights-machine-k-default-pool-8f4e4c77-grp",
                  "https://www.googleapis.com/compute/v1/projects/annular-net-321608/zones/europe-west2-b/instanceGroupManagers/gke-the-rights-machine-k-default-pool-eac7b0af-grp",
                  "https://www.googleapis.com/compute/v1/projects/annular-net-321608/zones/europe-west2-c/instanceGroupManagers/gke-the-rights-machine-k-default-pool-626619d1-grp"
                ],
                "management": [
                  {
                    "auto_repair": true,
                    "auto_upgrade": true
                  }
                ],
                "max_pods_per_node": 110,
                "name": "default-pool",
                "name_prefix": "",
                "node_config": [
                  {
                    "disk_size_gb": 100,
                    "disk_type": "pd-standard",
                    "guest_accelerator": [],
                    "image_type": "COS_CONTAINERD",
                    "labels": {},
                    "local_ssd_count": 0,
                    "machine_type": "e2-medium",
                    "metadata": {
                      "disable-legacy-endpoints": "true"
                    },
                    "min_cpu_platform": "",
                    "oauth_scopes": [
                      "https://www.googleapis.com/auth/logging.write",
                      "https://www.googleapis.com/auth/monitoring"
                    ],
                    "preemptible": false,
                    "service_account": "tf-gke-the-rights-mach-b83k@annular-net-321608.iam.gserviceaccount.com",
                    "shielded_instance_config": [
                      {
                        "enable_integrity_monitoring": true,
                        "enable_secure_boot": false
                      }
                    ],
                    "tags": [],
                    "taint": [],
                    "workload_metadata_config": [
                      {
                        "node_metadata": "GKE_METADATA_SERVER"
                      }
                    ]
                  }
                ],
                "node_count": 0,
                "node_locations": [
                  "europe-west2-a",
                  "europe-west2-b",
                  "europe-west2-c"
                ],
                "upgrade_settings": [
                  {
                    "max_surge": 1,
                    "max_unavailable": 0
                  }
                ],
                "version": "1.20.9-gke.700"
              },
              {
                "autoscaling": [
                  {
                    "max_node_count": 1,
                    "min_node_count": 1
                  }
                ],
                "initial_node_count": 1,
                "instance_group_urls": [
                  "https://www.googleapis.com/compute/v1/projects/annular-net-321608/zones/europe-west2-b/instanceGroupManagers/gke-the-rights-machine-k8s--node-pool-6d7d81db-grp",
                  "https://www.googleapis.com/compute/v1/projects/annular-net-321608/zones/europe-west2-c/instanceGroupManagers/gke-the-rights-machine-k8s--node-pool-614747a8-grp"
                ],
                "management": [
                  {
                    "auto_repair": true,
                    "auto_upgrade": true
                  }
                ],
                "max_pods_per_node": 110,
                "name": "node-pool",
                "name_prefix": "",
                "node_config": [
                  {
                    "disk_size_gb": 10,
                    "disk_type": "pd-standard",
                    "guest_accelerator": [],
                    "image_type": "COS",
                    "labels": {
                      "cluster_name": "the-rights-machine-k8s-cluster-dev",
                      "node_pool": "node-pool"
                    },
                    "local_ssd_count": 0,
                    "machine_type": "e2-medium",
                    "metadata": {
                      "cluster_name": "the-rights-machine-k8s-cluster-dev",
                      "disable-legacy-endpoints": "true",
                      "node_pool": "node-pool"
                    },
                    "min_cpu_platform": "",
                    "oauth_scopes": [
                      "https://www.googleapis.com/auth/cloud-platform"
                    ],
                    "preemptible": false,
                    "service_account": "tf-gke-the-rights-mach-b83k@annular-net-321608.iam.gserviceaccount.com",
                    "shielded_instance_config": [
                      {
                        "enable_integrity_monitoring": true,
                        "enable_secure_boot": false
                      }
                    ],
                    "tags": [
                      "gke-the-rights-machine-k8s-cluster-dev",
                      "gke-the-rights-machine-k8s-cluster-dev-node-pool"
                    ],
                    "taint": [],
                    "workload_metadata_config": [
                      {
                        "node_metadata": "GKE_METADATA_SERVER"
                      }
                    ]
                  }
                ],
                "node_count": 1,
                "node_locations": [
                  "europe-west2-b",
                  "europe-west2-c"
                ],
                "upgrade_settings": [
                  {
                    "max_surge": 1,
                    "max_unavailable": 0
                  }
                ],
                "version": "1.20.9-gke.700"
              }
            ],
            "node_version": "1.20.9-gke.700",
            "operation": null,
            "pod_security_policy_config": [],
            "private_cluster_config": [],
            "private_ipv6_google_access": "",
            "project": "annular-net-321608",
            "release_channel": [
              {
                "channel": "UNSPECIFIED"
              }
            ],
            "remove_default_node_pool": false,
            "resource_labels": {},
            "resource_usage_export_config": [],
            "self_link": "https://container.googleapis.com/v1beta1/projects/annular-net-321608/locations/europe-west2/clusters/the-rights-machine-k8s-cluster-dev",
            "services_ipv4_cidr": "10.30.0.0/16",
            "subnetwork": "projects/annular-net-321608/regions/europe-west2/subnetworks/gke-subnet-dev",
            "timeouts": {
              "create": "45m",
              "delete": "45m",
              "read": null,
              "update": "45m"
            },
            "tpu_ipv4_cidr_block": "",
            "vertical_pod_autoscaling": [
              {
                "enabled": false
              }
            ],
            "workload_identity_config": [
              {
                "identity_namespace": "annular-net-321608.svc.id.goog"
              }
            ]
          },
          "sensitive_attributes": [],
          "private": "eyJlMmJmYjczMC1lY2FhLTExZTYtOGY4OC0zNDM2M2JjN2M0YzAiOnsiY3JlYXRlIjoyNzAwMDAwMDAwMDAwLCJkZWxldGUiOjI3MDAwMDAwMDAwMDAsInJlYWQiOjI0MDAwMDAwMDAwMDAsInVwZGF0ZSI6MjcwMDAwMDAwMDAwMH0sInNjaGVtYV92ZXJzaW9uIjoiMSJ9",
          "dependencies": [
            "module.gke.random_shuffle.available_zones",
            "module.gke.random_string.cluster_service_account_suffix",
            "module.gcp-network.module.subnets.google_compute_subnetwork.subnetwork",
            "module.gcp-network.module.vpc.google_compute_network.network",
            "module.gke.data.google_compute_zones.available",
            "module.gke.data.google_container_engine_versions.region",
            "module.gke.data.google_container_engine_versions.zone",
            "module.gke.google_service_account.cluster_service_account"
          ]
        }
      ]
    },
    {
      "module": "module.gke",
      "mode": "managed",
      "type": "google_container_node_pool",
      "name": "pools",
      "provider": "provider[\"registry.terraform.io/hashicorp/google\"]",
      "instances": [
        {
          "index_key": "node-pool",
          "schema_version": 1,
          "attributes": {
            "autoscaling": [
              {
                "max_node_count": 1,
                "min_node_count": 1
              }
            ],
            "cluster": "the-rights-machine-k8s-cluster-dev",
            "id": "projects/annular-net-321608/locations/europe-west2/clusters/the-rights-machine-k8s-cluster-dev/nodePools/node-pool",
            "initial_node_count": 1,
            "instance_group_urls": [
              "https://www.googleapis.com/compute/v1/projects/annular-net-321608/zones/europe-west2-b/instanceGroupManagers/gke-the-rights-machine-k8s--node-pool-6d7d81db-grp",
              "https://www.googleapis.com/compute/v1/projects/annular-net-321608/zones/europe-west2-c/instanceGroupManagers/gke-the-rights-machine-k8s--node-pool-614747a8-grp"
            ],
            "location": "europe-west2",
            "management": [
              {
                "auto_repair": true,
                "auto_upgrade": true
              }
            ],
            "max_pods_per_node": 110,
            "name": "node-pool",
            "name_prefix": "",
            "node_config": [
              {
                "disk_size_gb": 10,
                "disk_type": "pd-standard",
                "guest_accelerator": [],
                "image_type": "COS",
                "labels": {
                  "cluster_name": "the-rights-machine-k8s-cluster-dev",
                  "node_pool": "node-pool"
                },
                "local_ssd_count": 0,
                "machine_type": "e2-medium",
                "metadata": {
                  "cluster_name": "the-rights-machine-k8s-cluster-dev",
                  "disable-legacy-endpoints": "true",
                  "node_pool": "node-pool"
                },
                "min_cpu_platform": "",
                "oauth_scopes": [
                  "https://www.googleapis.com/auth/cloud-platform"
                ],
                "preemptible": false,
                "service_account": "tf-gke-the-rights-mach-b83k@annular-net-321608.iam.gserviceaccount.com",
                "shielded_instance_config": [
                  {
                    "enable_integrity_monitoring": true,
                    "enable_secure_boot": false
                  }
                ],
                "tags": [
                  "gke-the-rights-machine-k8s-cluster-dev",
                  "gke-the-rights-machine-k8s-cluster-dev-node-pool"
                ],
                "taint": [],
                "workload_metadata_config": [
                  {
                    "node_metadata": "GKE_METADATA_SERVER"
                  }
                ]
              }
            ],
            "node_count": 1,
            "node_locations": [
              "europe-west2-b",
              "europe-west2-c"
            ],
            "operation": null,
            "project": "annular-net-321608",
            "timeouts": {
              "create": "45m",
              "delete": "45m",
              "update": "45m"
            },
            "upgrade_settings": [
              {
                "max_surge": 1,
                "max_unavailable": 0
              }
            ],
            "version": "1.20.9-gke.700"
          },
          "sensitive_attributes": [],
          "private": "eyJlMmJmYjczMC1lY2FhLTExZTYtOGY4OC0zNDM2M2JjN2M0YzAiOnsiY3JlYXRlIjoyNzAwMDAwMDAwMDAwLCJkZWxldGUiOjI3MDAwMDAwMDAwMDAsInVwZGF0ZSI6MjcwMDAwMDAwMDAwMH0sInNjaGVtYV92ZXJzaW9uIjoiMSJ9",
          "dependencies": [
            "module.gke.data.google_container_engine_versions.region",
            "module.gke.data.google_container_engine_versions.zone",
            "module.gke.random_shuffle.available_zones",
            "module.gke.random_string.cluster_service_account_suffix",
            "module.gcp-network.module.vpc.google_compute_network.network",
            "module.gke.data.google_compute_zones.available",
            "module.gke.google_service_account.cluster_service_account",
            "module.gcp-network.module.subnets.google_compute_subnetwork.subnetwork",
            "module.gke.google_container_cluster.primary"
          ]
        }
      ]
    },
    {
      "module": "module.gke",
      "mode": "managed",
      "type": "google_project_iam_member",
      "name": "cluster_service_account-log_writer",
      "provider": "provider[\"registry.terraform.io/hashicorp/google\"]",
      "instances": [
        {
          "index_key": 0,
          "schema_version": 0,
          "attributes": {
            "condition": [],
            "etag": "BwXI5cL68f4=",
            "id": "annular-net-321608/roles/logging.logWriter/serviceAccount:tf-gke-the-rights-mach-b83k@annular-net-321608.iam.gserviceaccount.com",
            "member": "serviceAccount:tf-gke-the-rights-mach-b83k@annular-net-321608.iam.gserviceaccount.com",
            "project": "annular-net-321608",
            "role": "roles/logging.logWriter"
          },
          "sensitive_attributes": [],
          "private": "bnVsbA==",
          "dependencies": [
            "module.gke.random_string.cluster_service_account_suffix",
            "module.gke.google_service_account.cluster_service_account"
          ]
        }
      ]
    },
    {
      "module": "module.gke",
      "mode": "managed",
      "type": "google_project_iam_member",
      "name": "cluster_service_account-metric_writer",
      "provider": "provider[\"registry.terraform.io/hashicorp/google\"]",
      "instances": [
        {
          "index_key": 0,
          "schema_version": 0,
          "attributes": {
            "condition": [],
            "etag": "BwXI5cL68f4=",
            "id": "annular-net-321608/roles/monitoring.metricWriter/serviceAccount:tf-gke-the-rights-mach-b83k@annular-net-321608.iam.gserviceaccount.com",
            "member": "serviceAccount:tf-gke-the-rights-mach-b83k@annular-net-321608.iam.gserviceaccount.com",
            "project": "annular-net-321608",
            "role": "roles/monitoring.metricWriter"
          },
          "sensitive_attributes": [],
          "private": "bnVsbA==",
          "dependencies": [
            "module.gke.google_project_iam_member.cluster_service_account-log_writer",
            "module.gke.google_service_account.cluster_service_account",
            "module.gke.random_string.cluster_service_account_suffix"
          ]
        }
      ]
    },
    {
      "module": "module.gke",
      "mode": "managed",
      "type": "google_project_iam_member",
      "name": "cluster_service_account-monitoring_viewer",
      "provider": "provider[\"registry.terraform.io/hashicorp/google\"]",
      "instances": [
        {
          "index_key": 0,
          "schema_version": 0,
          "attributes": {
            "condition": [],
            "etag": "BwXI5cL68f4=",
            "id": "annular-net-321608/roles/monitoring.viewer/serviceAccount:tf-gke-the-rights-mach-b83k@annular-net-321608.iam.gserviceaccount.com",
            "member": "serviceAccount:tf-gke-the-rights-mach-b83k@annular-net-321608.iam.gserviceaccount.com",
            "project": "annular-net-321608",
            "role": "roles/monitoring.viewer"
          },
          "sensitive_attributes": [],
          "private": "bnVsbA==",
          "dependencies": [
            "module.gke.google_project_iam_member.cluster_service_account-log_writer",
            "module.gke.google_project_iam_member.cluster_service_account-metric_writer",
            "module.gke.google_service_account.cluster_service_account",
            "module.gke.random_string.cluster_service_account_suffix"
          ]
        }
      ]
    },
    {
      "module": "module.gke",
      "mode": "managed",
      "type": "google_project_iam_member",
      "name": "cluster_service_account-resourceMetadata-writer",
      "provider": "provider[\"registry.terraform.io/hashicorp/google\"]",
      "instances": [
        {
          "index_key": 0,
          "schema_version": 0,
          "attributes": {
            "condition": [],
            "etag": "BwXI5cL68f4=",
            "id": "annular-net-321608/roles/stackdriver.resourceMetadata.writer/serviceAccount:tf-gke-the-rights-mach-b83k@annular-net-321608.iam.gserviceaccount.com",
            "member": "serviceAccount:tf-gke-the-rights-mach-b83k@annular-net-321608.iam.gserviceaccount.com",
            "project": "annular-net-321608",
            "role": "roles/stackdriver.resourceMetadata.writer"
          },
          "sensitive_attributes": [],
          "private": "bnVsbA==",
          "dependencies": [
            "module.gke.google_project_iam_member.cluster_service_account-metric_writer",
            "module.gke.google_project_iam_member.cluster_service_account-monitoring_viewer",
            "module.gke.google_service_account.cluster_service_account",
            "module.gke.random_string.cluster_service_account_suffix",
            "module.gke.google_project_iam_member.cluster_service_account-log_writer"
          ]
        }
      ]
    },
    {
      "module": "module.gke",
      "mode": "managed",
      "type": "google_service_account",
      "name": "cluster_service_account",
      "provider": "provider[\"registry.terraform.io/hashicorp/google\"]",
      "instances": [
        {
          "index_key": 0,
          "schema_version": 0,
          "attributes": {
            "account_id": "tf-gke-the-rights-mach-b83k",
            "description": "",
            "display_name": "Terraform-managed service account for cluster the-rights-machine-k8s-cluster-dev",
            "email": "tf-gke-the-rights-mach-b83k@annular-net-321608.iam.gserviceaccount.com",
            "id": "projects/annular-net-321608/serviceAccounts/tf-gke-the-rights-mach-b83k@annular-net-321608.iam.gserviceaccount.com",
            "name": "projects/annular-net-321608/serviceAccounts/tf-gke-the-rights-mach-b83k@annular-net-321608.iam.gserviceaccount.com",
            "project": "annular-net-321608",
            "timeouts": null,
            "unique_id": "111780539648319108896"
          },
          "sensitive_attributes": [],
          "private": "eyJlMmJmYjczMC1lY2FhLTExZTYtOGY4OC0zNDM2M2JjN2M0YzAiOnsiY3JlYXRlIjozMDAwMDAwMDAwMDB9fQ==",
          "dependencies": [
            "module.gke.random_string.cluster_service_account_suffix"
          ]
        }
      ]
    },
    {
      "module": "module.gke",
      "mode": "managed",
      "type": "random_shuffle",
      "name": "available_zones",
      "provider": "provider[\"registry.terraform.io/hashicorp/random\"]",
      "instances": [
        {
          "schema_version": 0,
          "attributes": {
            "id": "-",
            "input": [
              "europe-west2-a",
              "europe-west2-b",
              "europe-west2-c"
            ],
            "keepers": null,
            "result": [
              "europe-west2-c",
              "europe-west2-a",
              "europe-west2-b"
            ],
            "result_count": 3,
            "seed": null
          },
          "sensitive_attributes": [],
          "private": "bnVsbA==",
          "dependencies": [
            "module.gke.data.google_compute_zones.available"
          ]
        }
      ]
    },
    {
      "module": "module.gke",
      "mode": "managed",
      "type": "random_string",
      "name": "cluster_service_account_suffix",
      "provider": "provider[\"registry.terraform.io/hashicorp/random\"]",
      "instances": [
        {
          "schema_version": 1,
          "attributes": {
            "id": "b83k",
            "keepers": null,
            "length": 4,
            "lower": true,
            "min_lower": 0,
            "min_numeric": 0,
            "min_special": 0,
            "min_upper": 0,
            "number": true,
            "override_special": null,
            "result": "b83k",
            "special": false,
            "upper": false
          },
          "sensitive_attributes": [],
          "private": "eyJzY2hlbWFfdmVyc2lvbiI6IjEifQ=="
        }
      ]
    },
    {
      "module": "module.gke.module.gcloud_delete_default_kube_dns_configmap.module.gcloud_kubectl",
      "mode": "managed",
      "type": "null_resource",
      "name": "module_depends_on",
      "provider": "provider[\"registry.terraform.io/hashicorp/null\"]",
      "instances": [
        {
          "index_key": 0,
          "schema_version": 0,
          "attributes": {
            "id": "496981955689592121",
            "triggers": {
              "value": "2"
            }
          },
          "sensitive_attributes": [],
          "private": "bnVsbA==",
          "dependencies": [
            "module.gcp-network.module.subnets.google_compute_subnetwork.subnetwork",
            "module.gke.data.google_compute_zones.available",
            "module.gke.data.google_container_engine_versions.region",
            "module.gke.data.google_container_engine_versions.zone",
            "module.gcp-network.module.vpc.google_compute_network.network",
            "module.gke.google_container_cluster.primary",
            "module.gke.google_container_node_pool.pools",
            "module.gke.google_service_account.cluster_service_account",
            "module.gke.random_shuffle.available_zones",
            "module.gke.random_string.cluster_service_account_suffix"
          ]
        }
      ]
    },
    {
      "module": "module.gke_auth",
      "mode": "data",
      "type": "google_client_config",
      "name": "provider",
      "provider": "provider[\"registry.terraform.io/hashicorp/google\"]",
      "instances": [
        {
          "schema_version": 0,
          "attributes": {
            "access_token": "ya29.c.KqgBCwjkWHL-BLjQ8Vj8t0gLLl0EQShgjgWBPoB1B5BPEM2S7VKt28QvfaC7DOgb1SA-uKJvm2vec09LD90xhDeQRTLwY1FiA-U4g_mTczuk88SsaWOb3bitTSyYCUL01H2vUg0FzoYPFivyf7pNKFUxnQMZQRBK40-6WAgTSGsQuiF_t1ikTiXCy_mmmz_jHXn9XcTDe8uJFlKvP5mUa7mh0AEI__llU3eh...................................................................................................................................................................................................................................................................................................................................................................................................................................................................................................................................................................................................................................................................................................................................................................................",
            "id": "projects/annular-net-321608/regions/europe-west2/zones/",
            "project": "annular-net-321608",
            "region": "europe-west2",
            "zone": ""
          },
          "sensitive_attributes": []
        }
      ]
    },
    {
      "module": "module.gke_auth",
      "mode": "data",
      "type": "google_container_cluster",
      "name": "gke_cluster",
      "provider": "provider[\"registry.terraform.io/hashicorp/google\"]",
      "instances": [
        {
          "schema_version": 0,
          "attributes": {
            "addons_config": [
              {
                "cloudrun_config": [],
                "horizontal_pod_autoscaling": [
                  {
                    "disabled": false
                  }
                ],
                "http_load_balancing": [
                  {
                    "disabled": false
                  }
                ],
                "network_policy_config": [
                  {
                    "disabled": true
                  }
                ]
              }
            ],
            "authenticator_groups_config": [],
            "cluster_autoscaling": [
              {
                "auto_provisioning_defaults": [],
                "enabled": false,
                "resource_limits": []
              }
            ],
            "cluster_ipv4_cidr": "10.20.0.0/16",
            "database_encryption": [
              {
                "key_name": "",
                "state": "DECRYPTED"
              }
            ],
            "datapath_provider": "",
            "default_max_pods_per_node": 110,
            "default_snat_status": [
              {
                "disabled": false
              }
            ],
            "description": "",
            "enable_autopilot": false,
            "enable_binary_authorization": false,
            "enable_intranode_visibility": false,
            "enable_kubernetes_alpha": false,
            "enable_legacy_abac": false,
            "enable_shielded_nodes": true,
            "enable_tpu": false,
            "endpoint": "35.246.98.133",
            "id": "projects/annular-net-321608/locations/europe-west2/clusters/the-rights-machine-k8s-cluster-dev",
            "initial_node_count": 0,
            "instance_group_urls": [
              "https://www.googleapis.com/compute/v1/projects/annular-net-321608/zones/europe-west2-a/instanceGroups/gke-the-rights-machine-k-default-pool-8f4e4c77-grp",
              "https://www.googleapis.com/compute/v1/projects/annular-net-321608/zones/europe-west2-b/instanceGroups/gke-the-rights-machine-k-default-pool-eac7b0af-grp",
              "https://www.googleapis.com/compute/v1/projects/annular-net-321608/zones/europe-west2-c/instanceGroups/gke-the-rights-machine-k-default-pool-626619d1-grp",
              "https://www.googleapis.com/compute/v1/projects/annular-net-321608/zones/europe-west2-b/instanceGroups/gke-the-rights-machine-k8s--node-pool-6d7d81db-grp",
              "https://www.googleapis.com/compute/v1/projects/annular-net-321608/zones/europe-west2-c/instanceGroups/gke-the-rights-machine-k8s--node-pool-614747a8-grp"
            ],
            "ip_allocation_policy": [
              {
                "cluster_ipv4_cidr_block": "10.20.0.0/16",
                "cluster_secondary_range_name": "ip-range-pods",
                "services_ipv4_cidr_block": "10.30.0.0/16",
                "services_secondary_range_name": "ip-range-services"
              }
            ],
            "label_fingerprint": "a9dc16a7",
            "location": "europe-west2",
            "logging_service": "logging.googleapis.com/kubernetes",
            "maintenance_policy": [
              {
                "daily_maintenance_window": [
                  {
                    "duration": "PT4H0M0S",
                    "start_time": "05:00"
                  }
                ],
                "maintenance_exclusion": [],
                "recurring_window": []
              }
            ],
            "master_auth": [
              {
                "client_certificate": "",
                "client_certificate_config": [
                  {
                    "issue_client_certificate": false
                  }
                ],
                "client_key": "",
                "cluster_ca_certificate": "LS0tLS1CRUdJTiBDRVJUSUZJQ0FURS0tLS0tCk1JSURLekNDQWhPZ0F3SUJBZ0lSQU9hYTZYYlZjOFg5UGNmR3FBNnZIdVF3RFFZSktvWklodmNOQVFFTEJRQXcKTHpFdE1Dc0dBMVVFQXhNa1lqRTNObVV3TTJRdE1UWmxZeTAwTURBd0xUaG1aakl0WkdZMU4yRTVOamt5TnpFMApNQjRYRFRJeE1EZ3dOakUwTXpReE1Wb1hEVEkyTURnd05URTFNelF4TVZvd0x6RXRNQ3NHQTFVRUF4TWtZakUzCk5tVXdNMlF0TVRabFl5MDBNREF3TFRobVpqSXRaR1kxTjJFNU5qa3lOekUwTUlJQklqQU5CZ2txaGtpRzl3MEIKQVFFRkFBT0NBUThBTUlJQkNnS0NBUUVBcWhRUnVYY2I5TWFScUlqdnJDcnRMUHAvTGRvMFNLSTFVakNKL1p5KwpmbFRSaVd1NGZmK2FZdWxqUVQreHRaL05FcHV4S1JsdWdRL3hCM2U5d2VjVzBSQUtYV1d1enhLUWlNSTZkYktHClVZMDVBd3g1YWJEbHU3bTBpNEl1QTM4dTVndEdWQTZIeHd1YThET3ljbG5yQXlTMkVLU3Z6T0NreUpNVXYrcG0KRTR0QkROL200NGxDalUvNC8wQTltbHRTa3ZXLzVlZmRuaFV1Y1BzNVc0MUJQdUtkbTF1N1l6d2VkVmM3STROTQp5OUp2UFlSc3lBWXZkRWtjN2xpTDZ5L2pwTWZIb3pIN28xb1Q0U2lycXNZS1hvM0pyenA0Zk9Qci90MWRPTzZ3CjJJVnhRajlMT3FyYmVBU0pFZldHaWx4R0RRaU1PU3MxMzRuYS9UaThvRGNEVVFJREFRQUJvMEl3UURBT0JnTlYKSFE4QkFmOEVCQU1DQWdRd0R3WURWUjBUQVFIL0JBVXdBd0VCL3pBZEJnTlZIUTRFRmdRVU8zU3piWDQ4QmZIMQo4V3l4blh2Q2VwVmxwZVl3RFFZSktvWklodmNOQVFFTEJRQURnZ0VCQUJpS21WN3FtdUx4aXkrV0lSb01PR0xtCnFFTVAwc0tyZDdtbU5PVnVLc0dOdVRwTHk5d0t0ZW5sbGk4VjdqTkdFeHovVkRjNTRXZWFnNXZueFpBNVY4SzUKSG9BRTZoKzc4cEkzZkVoOVhlamx4b2JaSGFuN3BiRHhzTHUzQTR5cUJxYXprUFV5VjZaVFRFTWtwK0lES1E2dwp3ckhCT09icjY0UENQUm9qd0FLdDc0WFNraVk5Zm1BWFE2YVVUMGpiTmZTNzdsZjJJSWY5U3AyQi8zdCtwL3p2CmY1RnB4dUJQbjN3WWhFSzVtbjI3UmNMOWhQMWNIRjhrNktwTlFRRlFPYlJRYmtOTGh4a2pzM1JyaDBYTmhUUTEKT1htQUFUR2lGNTNrbDZ5UlNlL1VxL3Y4WFE4SUpvRVlvSWlySTQ5ZlRYSHZ3K1I1ankwWkNMTndHajdFWGVnPQotLS0tLUVORCBDRVJUSUZJQ0FURS0tLS0tCg==",
                "password": "",
                "username": ""
              }
            ],
            "master_authorized_networks_config": [],
            "master_version": "1.20.9-gke.700",
            "min_master_version": null,
            "monitoring_service": "monitoring.googleapis.com/kubernetes",
            "name": "the-rights-machine-k8s-cluster-dev",
            "network": "projects/annular-net-321608/global/networks/gke-network-dev",
            "network_policy": [
              {
                "enabled": false,
                "provider": "PROVIDER_UNSPECIFIED"
              }
            ],
            "networking_mode": "VPC_NATIVE",
            "node_config": [
              {
                "disk_size_gb": 100,
                "disk_type": "pd-standard",
                "guest_accelerator": [],
                "image_type": "COS_CONTAINERD",
                "labels": {},
                "local_ssd_count": 0,
                "machine_type": "e2-medium",
                "metadata": {
                  "disable-legacy-endpoints": "true"
                },
                "min_cpu_platform": "",
                "oauth_scopes": [
                  "https://www.googleapis.com/auth/logging.write",
                  "https://www.googleapis.com/auth/monitoring"
                ],
                "preemptible": false,
                "service_account": "tf-gke-the-rights-mach-b83k@annular-net-321608.iam.gserviceaccount.com",
                "shielded_instance_config": [
                  {
                    "enable_integrity_monitoring": true,
                    "enable_secure_boot": false
                  }
                ],
                "tags": [],
                "taint": [],
                "workload_metadata_config": [
                  {
                    "node_metadata": "GKE_METADATA_SERVER"
                  }
                ]
              }
            ],
            "node_locations": [
              "europe-west2-a",
              "europe-west2-b",
              "europe-west2-c"
            ],
            "node_pool": [
              {
                "autoscaling": [],
                "initial_node_count": 0,
                "instance_group_urls": [
                  "https://www.googleapis.com/compute/v1/projects/annular-net-321608/zones/europe-west2-a/instanceGroupManagers/gke-the-rights-machine-k-default-pool-8f4e4c77-grp",
                  "https://www.googleapis.com/compute/v1/projects/annular-net-321608/zones/europe-west2-b/instanceGroupManagers/gke-the-rights-machine-k-default-pool-eac7b0af-grp",
                  "https://www.googleapis.com/compute/v1/projects/annular-net-321608/zones/europe-west2-c/instanceGroupManagers/gke-the-rights-machine-k-default-pool-626619d1-grp"
                ],
                "management": [
                  {
                    "auto_repair": true,
                    "auto_upgrade": true
                  }
                ],
                "max_pods_per_node": 110,
                "name": "default-pool",
                "name_prefix": "",
                "node_config": [
                  {
                    "disk_size_gb": 100,
                    "disk_type": "pd-standard",
                    "guest_accelerator": [],
                    "image_type": "COS_CONTAINERD",
                    "labels": {},
                    "local_ssd_count": 0,
                    "machine_type": "e2-medium",
                    "metadata": {
                      "disable-legacy-endpoints": "true"
                    },
                    "min_cpu_platform": "",
                    "oauth_scopes": [
                      "https://www.googleapis.com/auth/logging.write",
                      "https://www.googleapis.com/auth/monitoring"
                    ],
                    "preemptible": false,
                    "service_account": "tf-gke-the-rights-mach-b83k@annular-net-321608.iam.gserviceaccount.com",
                    "shielded_instance_config": [
                      {
                        "enable_integrity_monitoring": true,
                        "enable_secure_boot": false
                      }
                    ],
                    "tags": [],
                    "taint": [],
                    "workload_metadata_config": [
                      {
                        "node_metadata": "GKE_METADATA_SERVER"
                      }
                    ]
                  }
                ],
                "node_count": 0,
                "node_locations": [
                  "europe-west2-a",
                  "europe-west2-b",
                  "europe-west2-c"
                ],
                "upgrade_settings": [
                  {
                    "max_surge": 1,
                    "max_unavailable": 0
                  }
                ],
                "version": "1.20.9-gke.700"
              },
              {
                "autoscaling": [
                  {
                    "max_node_count": 1,
                    "min_node_count": 1
                  }
                ],
                "initial_node_count": 1,
                "instance_group_urls": [
                  "https://www.googleapis.com/compute/v1/projects/annular-net-321608/zones/europe-west2-b/instanceGroupManagers/gke-the-rights-machine-k8s--node-pool-6d7d81db-grp",
                  "https://www.googleapis.com/compute/v1/projects/annular-net-321608/zones/europe-west2-c/instanceGroupManagers/gke-the-rights-machine-k8s--node-pool-614747a8-grp"
                ],
                "management": [
                  {
                    "auto_repair": true,
                    "auto_upgrade": true
                  }
                ],
                "max_pods_per_node": 110,
                "name": "node-pool",
                "name_prefix": "",
                "node_config": [
                  {
                    "disk_size_gb": 10,
                    "disk_type": "pd-standard",
                    "guest_accelerator": [],
                    "image_type": "COS",
                    "labels": {
                      "cluster_name": "the-rights-machine-k8s-cluster-dev",
                      "node_pool": "node-pool"
                    },
                    "local_ssd_count": 0,
                    "machine_type": "e2-medium",
                    "metadata": {
                      "cluster_name": "the-rights-machine-k8s-cluster-dev",
                      "disable-legacy-endpoints": "true",
                      "node_pool": "node-pool"
                    },
                    "min_cpu_platform": "",
                    "oauth_scopes": [
                      "https://www.googleapis.com/auth/cloud-platform"
                    ],
                    "preemptible": false,
                    "service_account": "tf-gke-the-rights-mach-b83k@annular-net-321608.iam.gserviceaccount.com",
                    "shielded_instance_config": [
                      {
                        "enable_integrity_monitoring": true,
                        "enable_secure_boot": false
                      }
                    ],
                    "tags": [
                      "gke-the-rights-machine-k8s-cluster-dev",
                      "gke-the-rights-machine-k8s-cluster-dev-node-pool"
                    ],
                    "taint": [],
                    "workload_metadata_config": [
                      {
                        "node_metadata": "GKE_METADATA_SERVER"
                      }
                    ]
                  }
                ],
                "node_count": 1,
                "node_locations": [
                  "europe-west2-b",
                  "europe-west2-c"
                ],
                "upgrade_settings": [
                  {
                    "max_surge": 1,
                    "max_unavailable": 0
                  }
                ],
                "version": "1.20.9-gke.700"
              }
            ],
            "node_version": "1.20.9-gke.700",
            "operation": null,
            "pod_security_policy_config": null,
            "private_cluster_config": [],
            "private_ipv6_google_access": "",
            "project": "annular-net-321608",
            "release_channel": [
              {
                "channel": "UNSPECIFIED"
              }
            ],
            "remove_default_node_pool": null,
            "resource_labels": {},
            "resource_usage_export_config": [],
            "self_link": "https://container.googleapis.com/v1beta1/projects/annular-net-321608/locations/europe-west2/clusters/the-rights-machine-k8s-cluster-dev",
            "services_ipv4_cidr": "10.30.0.0/16",
            "subnetwork": "projects/annular-net-321608/regions/europe-west2/subnetworks/gke-subnet-dev",
            "tpu_ipv4_cidr_block": "",
            "vertical_pod_autoscaling": [
              {
                "enabled": false
              }
            ],
            "workload_identity_config": [
              {
                "identity_namespace": "annular-net-321608.svc.id.goog"
              }
            ]
          },
          "sensitive_attributes": []
        }
      ]
    },
    {
      "module": "module.gke_auth",
      "mode": "data",
      "type": "template_file",
      "name": "kubeconfig",
      "provider": "provider[\"registry.terraform.io/hashicorp/template\"]",
      "instances": [
        {
          "schema_version": 0,
          "attributes": {
            "filename": null,
            "id": "c4397300a8676f0dd8871f5f1314c081ff28486b8be84a3354635e4aa2f8ba9a",
            "rendered": "apiVersion: v1\nclusters:\n- cluster:\n    certificate-authority-data: LS0tLS1CRUdJTiBDRVJUSUZJQ0FURS0tLS0tCk1JSURLekNDQWhPZ0F3SUJBZ0lSQU9hYTZYYlZjOFg5UGNmR3FBNnZIdVF3RFFZSktvWklodmNOQVFFTEJRQXcKTHpFdE1Dc0dBMVVFQXhNa1lqRTNObVV3TTJRdE1UWmxZeTAwTURBd0xUaG1aakl0WkdZMU4yRTVOamt5TnpFMApNQjRYRFRJeE1EZ3dOakUwTXpReE1Wb1hEVEkyTURnd05URTFNelF4TVZvd0x6RXRNQ3NHQTFVRUF4TWtZakUzCk5tVXdNMlF0TVRabFl5MDBNREF3TFRobVpqSXRaR1kxTjJFNU5qa3lOekUwTUlJQklqQU5CZ2txaGtpRzl3MEIKQVFFRkFBT0NBUThBTUlJQkNnS0NBUUVBcWhRUnVYY2I5TWFScUlqdnJDcnRMUHAvTGRvMFNLSTFVakNKL1p5KwpmbFRSaVd1NGZmK2FZdWxqUVQreHRaL05FcHV4S1JsdWdRL3hCM2U5d2VjVzBSQUtYV1d1enhLUWlNSTZkYktHClVZMDVBd3g1YWJEbHU3bTBpNEl1QTM4dTVndEdWQTZIeHd1YThET3ljbG5yQXlTMkVLU3Z6T0NreUpNVXYrcG0KRTR0QkROL200NGxDalUvNC8wQTltbHRTa3ZXLzVlZmRuaFV1Y1BzNVc0MUJQdUtkbTF1N1l6d2VkVmM3STROTQp5OUp2UFlSc3lBWXZkRWtjN2xpTDZ5L2pwTWZIb3pIN28xb1Q0U2lycXNZS1hvM0pyenA0Zk9Qci90MWRPTzZ3CjJJVnhRajlMT3FyYmVBU0pFZldHaWx4R0RRaU1PU3MxMzRuYS9UaThvRGNEVVFJREFRQUJvMEl3UURBT0JnTlYKSFE4QkFmOEVCQU1DQWdRd0R3WURWUjBUQVFIL0JBVXdBd0VCL3pBZEJnTlZIUTRFRmdRVU8zU3piWDQ4QmZIMQo4V3l4blh2Q2VwVmxwZVl3RFFZSktvWklodmNOQVFFTEJRQURnZ0VCQUJpS21WN3FtdUx4aXkrV0lSb01PR0xtCnFFTVAwc0tyZDdtbU5PVnVLc0dOdVRwTHk5d0t0ZW5sbGk4VjdqTkdFeHovVkRjNTRXZWFnNXZueFpBNVY4SzUKSG9BRTZoKzc4cEkzZkVoOVhlamx4b2JaSGFuN3BiRHhzTHUzQTR5cUJxYXprUFV5VjZaVFRFTWtwK0lES1E2dwp3ckhCT09icjY0UENQUm9qd0FLdDc0WFNraVk5Zm1BWFE2YVVUMGpiTmZTNzdsZjJJSWY5U3AyQi8zdCtwL3p2CmY1RnB4dUJQbjN3WWhFSzVtbjI3UmNMOWhQMWNIRjhrNktwTlFRRlFPYlJRYmtOTGh4a2pzM1JyaDBYTmhUUTEKT1htQUFUR2lGNTNrbDZ5UlNlL1VxL3Y4WFE4SUpvRVlvSWlySTQ5ZlRYSHZ3K1I1ankwWkNMTndHajdFWGVnPQotLS0tLUVORCBDRVJUSUZJQ0FURS0tLS0tCg==\n    server: https://35.246.98.133\n  name: the-rights-machine-k8s-cluster-dev\ncontexts:\n- context:\n    cluster: the-rights-machine-k8s-cluster-dev\n    user: the-rights-machine-k8s-cluster-dev\n  name: the-rights-machine-k8s-cluster-dev\ncurrent-context: the-rights-machine-k8s-cluster-dev\nkind: Config\npreferences: {}\nusers:\n- name: the-rights-machine-k8s-cluster-dev\n  user:\n    token: ya29.c.KqgBCwjkWHL-BLjQ8Vj8t0gLLl0EQShgjgWBPoB1B5BPEM2S7VKt28QvfaC7DOgb1SA-uKJvm2vec09LD90xhDeQRTLwY1FiA-U4g_mTczuk88SsaWOb3bitTSyYCUL01H2vUg0FzoYPFivyf7pNKFUxnQMZQRBK40-6WAgTSGsQuiF_t1ikTiXCy_mmmz_jHXn9XcTDe8uJFlKvP5mUa7mh0AEI__llU3eh...................................................................................................................................................................................................................................................................................................................................................................................................................................................................................................................................................................................................................................................................................................................................................................................\n",
            "template": "apiVersion: v1\nclusters:\n- cluster:\n    certificate-authority-data: ${cluster_ca_certificate}\n    server: https://${endpoint}\n  name: ${context}\ncontexts:\n- context:\n    cluster: ${context}\n    user: ${context}\n  name: ${context}\ncurrent-context: ${context}\nkind: Config\npreferences: {}\nusers:\n- name: ${context}\n  user:\n    token: ${token}\n",
            "vars": {
              "cluster_ca_certificate": "LS0tLS1CRUdJTiBDRVJUSUZJQ0FURS0tLS0tCk1JSURLekNDQWhPZ0F3SUJBZ0lSQU9hYTZYYlZjOFg5UGNmR3FBNnZIdVF3RFFZSktvWklodmNOQVFFTEJRQXcKTHpFdE1Dc0dBMVVFQXhNa1lqRTNObVV3TTJRdE1UWmxZeTAwTURBd0xUaG1aakl0WkdZMU4yRTVOamt5TnpFMApNQjRYRFRJeE1EZ3dOakUwTXpReE1Wb1hEVEkyTURnd05URTFNelF4TVZvd0x6RXRNQ3NHQTFVRUF4TWtZakUzCk5tVXdNMlF0TVRabFl5MDBNREF3TFRobVpqSXRaR1kxTjJFNU5qa3lOekUwTUlJQklqQU5CZ2txaGtpRzl3MEIKQVFFRkFBT0NBUThBTUlJQkNnS0NBUUVBcWhRUnVYY2I5TWFScUlqdnJDcnRMUHAvTGRvMFNLSTFVakNKL1p5KwpmbFRSaVd1NGZmK2FZdWxqUVQreHRaL05FcHV4S1JsdWdRL3hCM2U5d2VjVzBSQUtYV1d1enhLUWlNSTZkYktHClVZMDVBd3g1YWJEbHU3bTBpNEl1QTM4dTVndEdWQTZIeHd1YThET3ljbG5yQXlTMkVLU3Z6T0NreUpNVXYrcG0KRTR0QkROL200NGxDalUvNC8wQTltbHRTa3ZXLzVlZmRuaFV1Y1BzNVc0MUJQdUtkbTF1N1l6d2VkVmM3STROTQp5OUp2UFlSc3lBWXZkRWtjN2xpTDZ5L2pwTWZIb3pIN28xb1Q0U2lycXNZS1hvM0pyenA0Zk9Qci90MWRPTzZ3CjJJVnhRajlMT3FyYmVBU0pFZldHaWx4R0RRaU1PU3MxMzRuYS9UaThvRGNEVVFJREFRQUJvMEl3UURBT0JnTlYKSFE4QkFmOEVCQU1DQWdRd0R3WURWUjBUQVFIL0JBVXdBd0VCL3pBZEJnTlZIUTRFRmdRVU8zU3piWDQ4QmZIMQo4V3l4blh2Q2VwVmxwZVl3RFFZSktvWklodmNOQVFFTEJRQURnZ0VCQUJpS21WN3FtdUx4aXkrV0lSb01PR0xtCnFFTVAwc0tyZDdtbU5PVnVLc0dOdVRwTHk5d0t0ZW5sbGk4VjdqTkdFeHovVkRjNTRXZWFnNXZueFpBNVY4SzUKSG9BRTZoKzc4cEkzZkVoOVhlamx4b2JaSGFuN3BiRHhzTHUzQTR5cUJxYXprUFV5VjZaVFRFTWtwK0lES1E2dwp3ckhCT09icjY0UENQUm9qd0FLdDc0WFNraVk5Zm1BWFE2YVVUMGpiTmZTNzdsZjJJSWY5U3AyQi8zdCtwL3p2CmY1RnB4dUJQbjN3WWhFSzVtbjI3UmNMOWhQMWNIRjhrNktwTlFRRlFPYlJRYmtOTGh4a2pzM1JyaDBYTmhUUTEKT1htQUFUR2lGNTNrbDZ5UlNlL1VxL3Y4WFE4SUpvRVlvSWlySTQ5ZlRYSHZ3K1I1ankwWkNMTndHajdFWGVnPQotLS0tLUVORCBDRVJUSUZJQ0FURS0tLS0tCg==",
              "context": "the-rights-machine-k8s-cluster-dev",
              "endpoint": "35.246.98.133",
              "token": "ya29.c.KqgBCwjkWHL-BLjQ8Vj8t0gLLl0EQShgjgWBPoB1B5BPEM2S7VKt28QvfaC7DOgb1SA-uKJvm2vec09LD90xhDeQRTLwY1FiA-U4g_mTczuk88SsaWOb3bitTSyYCUL01H2vUg0FzoYPFivyf7pNKFUxnQMZQRBK40-6WAgTSGsQuiF_t1ikTiXCy_mmmz_jHXn9XcTDe8uJFlKvP5mUa7mh0AEI__llU3eh..................................................................................................................................................................................................................................................................................................................................................................................................................................................................................................................................................................................................................................................................................................................................................................................."
            }
          },
          "sensitive_attributes": [
            [
              {
                "type": "get_attr",
                "value": "vars"
              },
              {
                "type": "index",
                "value": {
                  "value": "token",
                  "type": "string"
                }
              }
            ]
          ]
        }
      ]
    }
  ]
}
