<?xml version="1.0" encoding="utf-8"?>
<Project ToolsVersion="4.0" xmlns="http://schemas.microsoft.com/developer/msbuild/2003">
  <ItemGroup>
    <Filter Include="Header Files">
      <UniqueIdentifier>{77871b0c-8d5c-4bfc-a3d7-cc74685c54b4}</UniqueIdentifier>
    </Filter>
    <Filter Include="Source Files">
      <UniqueIdentifier>{677f7db8-8693-4af7-8df3-c2fa54d577e4}</UniqueIdentifier>
    </Filter>
    <Filter Include="Cuda Source Files">
      <UniqueIdentifier>{de6bea7a-d147-4695-92aa-ccf3587f8684}</UniqueIdentifier>
    </Filter>
    <Filter Include="Cuda Header Files">
      <UniqueIdentifier>{86e46e43-8ff7-482d-9406-2ec92f2e7815}</UniqueIdentifier>
    </Filter>
    <Filter Include="Header Files\Compute">
      <UniqueIdentifier>{8b49bcc9-c135-4f4d-a249-db302d0b0b76}</UniqueIdentifier>
    </Filter>
    <Filter Include="Source Files\Compute">
      <UniqueIdentifier>{1e7b29a4-cd3f-418d-a566-9a1b166b27ed}</UniqueIdentifier>
    </Filter>
    <Filter Include="Header Files\Server">
      <UniqueIdentifier>{07d19e08-9b69-4c5a-b973-adf3bbe0e9fa}</UniqueIdentifier>
    </Filter>
    <Filter Include="Source Files\Server">
      <UniqueIdentifier>{27cc9b77-9eae-40ef-a9e5-97c54e718525}</UniqueIdentifier>
    </Filter>
    <Filter Include="Source Files\Data">
      <UniqueIdentifier>{a5082cf6-f1a8-4e4e-88f7-652b94eb3d40}</UniqueIdentifier>
    </Filter>
    <Filter Include="Header Files\Data">
      <UniqueIdentifier>{e8aa5d2e-2357-45ac-84e1-d77cea8ff745}</UniqueIdentifier>
    </Filter>
    <Filter Include="Source Files\Types">
      <UniqueIdentifier>{a69287ba-179b-4a38-b48a-f13003eb78ef}</UniqueIdentifier>
    </Filter>
    <Filter Include="Header Files\Types">
      <UniqueIdentifier>{1abd058b-4fe9-4bab-b8f1-e2d11909cbd8}</UniqueIdentifier>
    </Filter>
    <Filter Include="Header Files\Http">
      <UniqueIdentifier>{63fef2a9-8143-4410-ae83-78cf3f70c889}</UniqueIdentifier>
    </Filter>
    <Filter Include="Source Files\Http">
      <UniqueIdentifier>{d9eececb-3ace-4984-81ca-ff65e2a51a7e}</UniqueIdentifier>
    </Filter>
  </ItemGroup>
  <ItemGroup>
    <ClInclude Include="log.h">
      <Filter>Header Files</Filter>
    </ClInclude>
    <ClInclude Include="thread.h">
      <Filter>Header Files</Filter>
    </ClInclude>
    <ClInclude Include="mutex.h">
      <Filter>Header Files</Filter>
    </ClInclude>
    <ClInclude Include="process.h">
      <Filter>Header Files</Filter>
    </ClInclude>
    <ClInclude Include="component.h">
      <Filter>Header Files\Data</Filter>
    </ClInclude>
    <ClInclude Include="item.h">
      <Filter>Header Files\Data</Filter>
    </ClInclude>
    <ClInclude Include="line.h">
      <Filter>Header Files\Data</Filter>
    </ClInclude>
    <ClInclude Include="message.h">
      <Filter>Header Files\Data</Filter>
    </ClInclude>
    <ClInclude Include="odbc.h">
      <Filter>Header Files\Data</Filter>
    </ClInclude>
    <ClInclude Include="compute.h">
      <Filter>Header Files\Compute</Filter>
    </ClInclude>
    <ClInclude Include="cpu.h">
      <Filter>Header Files\Compute</Filter>
    </ClInclude>
    <ClInclude Include="gpu.h">
      <Filter>Header Files\Compute</Filter>
    </ClInclude>
    <ClInclude Include="response.h">
      <Filter>Header Files\Data</Filter>
    </ClInclude>
    <ClInclude Include="server.h">
      <Filter>Header Files\Server</Filter>
    </ClInclude>
    <ClInclude Include="configuration.h">
      <Filter>Header Files\Server</Filter>
    </ClInclude>
    <ClInclude Include="grid.h">
      <Filter>Header Files\Compute</Filter>
    </ClInclude>
    <ClInclude Include="string.h">
      <Filter>Header Files\Types</Filter>
    </ClInclude>
    <ClInclude Include="queue.h">
      <Filter>Header Files\Types</Filter>
    </ClInclude>
    <ClInclude Include="list.h">
      <Filter>Header Files\Types</Filter>
    </ClInclude>
    <ClInclude Include="datetime.h">
      <Filter>Header Files\Types</Filter>
    </ClInclude>
    <ClInclude Include="fifo.h">
      <Filter>Header Files\Types</Filter>
    </ClInclude>
    <ClInclude Include="queues.h">
      <Filter>Header Files\Server</Filter>
    </ClInclude>
    <ClInclude Include="components.h">
      <Filter>Header Files\Data</Filter>
    </ClInclude>
    <ClInclude Include="pair.h">
      <Filter>Header Files\Types</Filter>
    </ClInclude>
    <ClInclude Include="database.h">
      <Filter>Header Files\Data</Filter>
    </ClInclude>
    <ClInclude Include="json.h">
      <Filter>Header Files\Data</Filter>
    </ClInclude>
    <ClInclude Include="items.h">
      <Filter>Header Files\Data</Filter>
    </ClInclude>
    <ClInclude Include="lines.h">
      <Filter>Header Files\Data</Filter>
    </ClInclude>
    <ClInclude Include="element.h">
      <Filter>Header Files\Data</Filter>
    </ClInclude>
    <ClInclude Include="elements.h">
      <Filter>Header Files\Data</Filter>
    </ClInclude>
    <ClInclude Include="allocator.h">
      <Filter>Header Files\Server</Filter>
    </ClInclude>
    <ClInclude Include="manager.h">
      <Filter>Header Files\Server</Filter>
    </ClInclude>
    <ClInclude Include="task.h">
      <Filter>Header Files\Compute</Filter>
    </ClInclude>
    <ClInclude Include="factory.h">
      <Filter>Header Files\Server</Filter>
    </ClInclude>
    <ClInclude Include="error.h">
      <Filter>Header Files</Filter>
    </ClInclude>
    <ClInclude Include="console.h">
      <Filter>Header Files</Filter>
    </ClInclude>
    <ClInclude Include="query.h">
      <Filter>Header Files\Data</Filter>
    </ClInclude>
    <ClInclude Include="queries.h">
      <Filter>Header Files\Data</Filter>
    </ClInclude>
    <ClInclude Include="comparison.h">
      <Filter>Header Files</Filter>
    </ClInclude>
    <ClInclude Include="zone.h">
      <Filter>Header Files\Data</Filter>
    </ClInclude>
    <ClInclude Include="map.h">
      <Filter>Header Files</Filter>
    </ClInclude>
    <ClInclude Include="row.h">
      <Filter>Header Files\Compute</Filter>
    </ClInclude>
    <ClInclude Include="header.h">
      <Filter>Header Files\Compute</Filter>
    </ClInclude>
    <ClInclude Include="results.h">
      <Filter>Header Files\Compute</Filter>
    </ClInclude>
    <ClInclude Include="result.h">
      <Filter>Header Files\Compute</Filter>
    </ClInclude>
    <ClInclude Include="errors.h">
      <Filter>Header Files</Filter>
    </ClInclude>
    <ClInclude Include="ssl.h">
      <Filter>Header Files\Http</Filter>
    </ClInclude>
    <ClInclude Include="wsock.h">
      <Filter>Header Files\Http</Filter>
    </ClInclude>
    <ClInclude Include="http.h">
      <Filter>Header Files\Http</Filter>
    </ClInclude>
    <ClInclude Include="parameter.h">
      <Filter>Header Files\Http</Filter>
    </ClInclude>
    <ClInclude Include="address.h">
      <Filter>Header Files\Http</Filter>
    </ClInclude>
    <ClInclude Include="authentication.h">
      <Filter>Header Files\Http</Filter>
    </ClInclude>
    <ClInclude Include="page.h">
      <Filter>Header Files\Http</Filter>
    </ClInclude>
    <ClInclude Include="parameters.h">
      <Filter>Header Files\Http</Filter>
    </ClInclude>
    <ClInclude Include="buffer.h">
      <Filter>Header Files\Http</Filter>
    </ClInclude>
  </ItemGroup>
  <ItemGroup>
    <ClCompile Include="log.cpp">
      <Filter>Source Files</Filter>
    </ClCompile>
    <ClCompile Include="main.cpp">
      <Filter>Source Files</Filter>
    </ClCompile>
    <ClCompile Include="thread.cpp">
      <Filter>Source Files</Filter>
    </ClCompile>
    <ClCompile Include="mutex.cpp">
      <Filter>Source Files</Filter>
    </ClCompile>
    <ClCompile Include="process.cpp">
      <Filter>Source Files</Filter>
    </ClCompile>
    <ClCompile Include="component.cpp">
      <Filter>Source Files\Data</Filter>
    </ClCompile>
    <ClCompile Include="item.cpp">
      <Filter>Source Files\Data</Filter>
    </ClCompile>
    <ClCompile Include="line.cpp">
      <Filter>Source Files\Data</Filter>
    </ClCompile>
    <ClCompile Include="message.cpp">
      <Filter>Source Files\Data</Filter>
    </ClCompile>
    <ClCompile Include="database.cpp">
      <Filter>Source Files\Data</Filter>
    </ClCompile>
    <ClCompile Include="odbc.cpp">
      <Filter>Source Files\Data</Filter>
    </ClCompile>
    <ClCompile Include="gpu.cpp">
      <Filter>Source Files\Compute</Filter>
    </ClCompile>
    <ClCompile Include="cpu.cpp">
      <Filter>Source Files\Compute</Filter>
    </ClCompile>
    <ClCompile Include="compute.cpp">
      <Filter>Source Files\Compute</Filter>
    </ClCompile>
    <ClCompile Include="response.cpp">
      <Filter>Source Files\Data</Filter>
    </ClCompile>
    <ClCompile Include="server.cpp">
      <Filter>Source Files\Server</Filter>
    </ClCompile>
    <ClCompile Include="configuration.cpp">
      <Filter>Source Files\Server</Filter>
    </ClCompile>
    <ClCompile Include="grid.cpp">
      <Filter>Source Files\Compute</Filter>
    </ClCompile>
    <ClCompile Include="datetime.cpp">
      <Filter>Source Files\Types</Filter>
    </ClCompile>
    <ClCompile Include="list.cpp">
      <Filter>Source Files\Types</Filter>
    </ClCompile>
    <ClCompile Include="fifo.cpp">
      <Filter>Source Files\Types</Filter>
    </ClCompile>
    <ClCompile Include="string.cpp">
      <Filter>Source Files\Types</Filter>
    </ClCompile>
    <ClCompile Include="queue.cpp">
      <Filter>Source Files\Types</Filter>
    </ClCompile>
    <ClCompile Include="queues.cpp">
      <Filter>Source Files\Server</Filter>
    </ClCompile>
    <ClCompile Include="components.cpp">
      <Filter>Source Files\Data</Filter>
    </ClCompile>
    <ClCompile Include="pair.cpp">
      <Filter>Source Files\Types</Filter>
    </ClCompile>
    <ClCompile Include="json.cpp">
      <Filter>Source Files\Data</Filter>
    </ClCompile>
    <ClCompile Include="lines.cpp">
      <Filter>Source Files\Data</Filter>
    </ClCompile>
    <ClCompile Include="items.cpp">
      <Filter>Source Files\Data</Filter>
    </ClCompile>
    <ClCompile Include="element.cpp">
      <Filter>Source Files\Data</Filter>
    </ClCompile>
    <ClCompile Include="elements.cpp">
      <Filter>Source Files\Data</Filter>
    </ClCompile>
    <ClCompile Include="allocator.cpp">
      <Filter>Source Files\Server</Filter>
    </ClCompile>
    <ClCompile Include="manager.cpp">
      <Filter>Source Files\Server</Filter>
    </ClCompile>
    <ClCompile Include="task.cpp">
      <Filter>Source Files\Compute</Filter>
    </ClCompile>
    <ClCompile Include="factory.cpp">
      <Filter>Source Files\Server</Filter>
    </ClCompile>
    <ClCompile Include="error.cpp">
      <Filter>Source Files</Filter>
    </ClCompile>
    <ClCompile Include="console.cpp">
      <Filter>Source Files</Filter>
    </ClCompile>
    <ClCompile Include="query.cpp">
      <Filter>Source Files\Data</Filter>
    </ClCompile>
    <ClCompile Include="queries.cpp">
      <Filter>Source Files\Data</Filter>
    </ClCompile>
    <ClCompile Include="comparison.cpp">
      <Filter>Source Files</Filter>
    </ClCompile>
    <ClCompile Include="zone.cpp">
      <Filter>Source Files\Data</Filter>
    </ClCompile>
    <ClCompile Include="map.cpp">
      <Filter>Source Files</Filter>
    </ClCompile>
    <ClCompile Include="row.cpp">
      <Filter>Source Files\Compute</Filter>
    </ClCompile>
    <ClCompile Include="header.cpp">
      <Filter>Source Files\Compute</Filter>
    </ClCompile>
    <ClCompile Include="result.cpp">
      <Filter>Source Files\Compute</Filter>
    </ClCompile>
    <ClCompile Include="results.cpp">
      <Filter>Source Files\Compute</Filter>
    </ClCompile>
    <ClCompile Include="errors.cpp">
      <Filter>Source Files</Filter>
    </ClCompile>
    <ClCompile Include="ssl.cpp">
      <Filter>Source Files\Http</Filter>
    </ClCompile>
    <ClCompile Include="wsock.cpp">
      <Filter>Source Files\Http</Filter>
    </ClCompile>
    <ClCompile Include="http.cpp">
      <Filter>Source Files\Http</Filter>
    </ClCompile>
    <ClCompile Include="parameter.cpp">
      <Filter>Source Files\Http</Filter>
    </ClCompile>
    <ClCompile Include="address.cpp">
      <Filter>Source Files\Http</Filter>
    </ClCompile>
    <ClCompile Include="authentication.cpp">
      <Filter>Source Files\Http</Filter>
    </ClCompile>
    <ClCompile Include="page.cpp">
      <Filter>Source Files\Http</Filter>
    </ClCompile>
    <ClCompile Include="parameters.cpp">
      <Filter>Source Files\Http</Filter>
    </ClCompile>
    <ClCompile Include="buffer.cpp">
      <Filter>Source Files\Http</Filter>
    </ClCompile>
  </ItemGroup>
  <ItemGroup>
    <CudaCompile Include="kernel.cu">
      <Filter>Cuda Source Files</Filter>
    </CudaCompile>
  </ItemGroup>
</Project>